// !$*UTF8*$!
{
	archiveVersion = 1;
	classes = {
	};
	objectVersion = 46;
	objects = {

/* Begin PBXBuildFile section */
		9FE712BD13AD186000635EB4 /* UIKit.framework in Frameworks */ = {isa = PBXBuildFile; fileRef = 9FE712BC13AD186000635EB4 /* UIKit.framework */; };
		9FE712BF13AD186000635EB4 /* Foundation.framework in Frameworks */ = {isa = PBXBuildFile; fileRef = 9FE712BE13AD186000635EB4 /* Foundation.framework */; };
		9FE712C113AD186000635EB4 /* CoreGraphics.framework in Frameworks */ = {isa = PBXBuildFile; fileRef = 9FE712C013AD186000635EB4 /* CoreGraphics.framework */; };
		9FE712C713AD186000635EB4 /* InfoPlist.strings in Resources */ = {isa = PBXBuildFile; fileRef = 9FE712C513AD186000635EB4 /* InfoPlist.strings */; };
		9FE712CA13AD186000635EB4 /* main.m in Sources */ = {isa = PBXBuildFile; fileRef = 9FE712C913AD186000635EB4 /* main.m */; };
		9FE712CD13AD186000635EB4 /* SimpleTableAppDelegate.m in Sources */ = {isa = PBXBuildFile; fileRef = 9FE712CC13AD186000635EB4 /* SimpleTableAppDelegate.m */; };
		9FE712D013AD186000635EB4 /* MainWindow.xib in Resources */ = {isa = PBXBuildFile; fileRef = 9FE712CE13AD186000635EB4 /* MainWindow.xib */; };
		9FE712D313AD186000635EB4 /* SimpleTableViewController.m in Sources */ = {isa = PBXBuildFile; fileRef = 9FE712D213AD186000635EB4 /* SimpleTableViewController.m */; };
		9FE712D613AD186000635EB4 /* SimpleTableViewController.xib in Resources */ = {isa = PBXBuildFile; fileRef = 9FE712D413AD186000635EB4 /* SimpleTableViewController.xib */; };
/* End PBXBuildFile section */

/* Begin PBXFileReference section */
		9FE712B813AD186000635EB4 /* SimpleTable.app */ = {isa = PBXFileReference; explicitFileType = wrapper.application; includeInIndex = 0; path = SimpleTable.app; sourceTree = BUILT_PRODUCTS_DIR; };
		9FE712BC13AD186000635EB4 /* UIKit.framework */ = {isa = PBXFileReference; lastKnownFileType = wrapper.framework; name = UIKit.framework; path = System/Library/Frameworks/UIKit.framework; sourceTree = SDKROOT; };
		9FE712BE13AD186000635EB4 /* Foundation.framework */ = {isa = PBXFileReference; lastKnownFileType = wrapper.framework; name = Foundation.framework; path = System/Library/Frameworks/Foundation.framework; sourceTree = SDKROOT; };
		9FE712C013AD186000635EB4 /* CoreGraphics.framework */ = {isa = PBXFileReference; lastKnownFileType = wrapper.framework; name = CoreGraphics.framework; path = System/Library/Frameworks/CoreGraphics.framework; sourceTree = SDKROOT; };
		9FE712C413AD186000635EB4 /* SimpleTable-Info.plist */ = {isa = PBXFileReference; lastKnownFileType = text.plist.xml; path = "SimpleTable-Info.plist"; sourceTree = "<group>"; };
		9FE712C613AD186000635EB4 /* en */ = {isa = PBXFileReference; lastKnownFileType = text.plist.strings; name = en; path = en.lproj/InfoPlist.strings; sourceTree = "<group>"; };
		9FE712C813AD186000635EB4 /* SimpleTable-Prefix.pch */ = {isa = PBXFileReference; lastKnownFileType = sourcecode.c.h; path = "SimpleTable-Prefix.pch"; sourceTree = "<group>"; };
		9FE712C913AD186000635EB4 /* main.m */ = {isa = PBXFileReference; lastKnownFileType = sourcecode.c.objc; path = main.m; sourceTree = "<group>"; };
		9FE712CB13AD186000635EB4 /* SimpleTableAppDelegate.h */ = {isa = PBXFileReference; lastKnownFileType = sourcecode.c.h; path = SimpleTableAppDelegate.h; sourceTree = "<group>"; };
		9FE712CC13AD186000635EB4 /* SimpleTableAppDelegate.m */ = {isa = PBXFileReference; lastKnownFileType = sourcecode.c.objc; path = SimpleTableAppDelegate.m; sourceTree = "<group>"; };
		9FE712CF13AD186000635EB4 /* en */ = {isa = PBXFileReference; lastKnownFileType = file.xib; name = en; path = en.lproj/MainWindow.xib; sourceTree = "<group>"; };
		9FE712D113AD186000635EB4 /* SimpleTableViewController.h */ = {isa = PBXFileReference; lastKnownFileType = sourcecode.c.h; path = SimpleTableViewController.h; sourceTree = "<group>"; };
		9FE712D213AD186000635EB4 /* SimpleTableViewController.m */ = {isa = PBXFileReference; lastKnownFileType = sourcecode.c.objc; path = SimpleTableViewController.m; sourceTree = "<group>"; };
		9FE712D513AD186000635EB4 /* en */ = {isa = PBXFileReference; lastKnownFileType = file.xib; name = en; path = en.lproj/SimpleTableViewController.xib; sourceTree = "<group>"; };
/* End PBXFileReference section */

/* Begin PBXFrameworksBuildPhase section */
		9FE712B513AD186000635EB4 /* Frameworks */ = {
			isa = PBXFrameworksBuildPhase;
			buildActionMask = 2147483647;
			files = (
				9FE712BD13AD186000635EB4 /* UIKit.framework in Frameworks */,
				9FE712BF13AD186000635EB4 /* Foundation.framework in Frameworks */,
				9FE712C113AD186000635EB4 /* CoreGraphics.framework in Frameworks */,
			);
			runOnlyForDeploymentPostprocessing = 0;
		};
/* End PBXFrameworksBuildPhase section */

/* Begin PBXGroup section */
		9FE712AD13AD186000635EB4 = {
			isa = PBXGroup;
			children = (
				9FE712C213AD186000635EB4 /* SimpleTable */,
				9FE712BB13AD186000635EB4 /* Frameworks */,
				9FE712B913AD186000635EB4 /* Products */,
			);
			sourceTree = "<group>";
		};
		9FE712B913AD186000635EB4 /* Products */ = {
			isa = PBXGroup;
			children = (
				9FE712B813AD186000635EB4 /* SimpleTable.app */,
			);
			name = Products;
			sourceTree = "<group>";
		};
		9FE712BB13AD186000635EB4 /* Frameworks */ = {
			isa = PBXGroup;
			children = (
				9FE712BC13AD186000635EB4 /* UIKit.framework */,
				9FE712BE13AD186000635EB4 /* Foundation.framework */,
				9FE712C013AD186000635EB4 /* CoreGraphics.framework */,
			);
			name = Frameworks;
			sourceTree = "<group>";
		};
		9FE712C213AD186000635EB4 /* SimpleTable */ = {
			isa = PBXGroup;
			children = (
				9FE712CB13AD186000635EB4 /* SimpleTableAppDelegate.h */,
				9FE712CC13AD186000635EB4 /* SimpleTableAppDelegate.m */,
				9FE712CE13AD186000635EB4 /* MainWindow.xib */,
				9FE712D113AD186000635EB4 /* SimpleTableViewController.h */,
				9FE712D213AD186000635EB4 /* SimpleTableViewController.m */,
				9FE712D413AD186000635EB4 /* SimpleTableViewController.xib */,
				9FE712C313AD186000635EB4 /* Supporting Files */,
			);
			path = SimpleTable;
			sourceTree = "<group>";
		};
		9FE712C313AD186000635EB4 /* Supporting Files */ = {
			isa = PBXGroup;
			children = (
				9FE712C413AD186000635EB4 /* SimpleTable-Info.plist */,
				9FE712C513AD186000635EB4 /* InfoPlist.strings */,
				9FE712C813AD186000635EB4 /* SimpleTable-Prefix.pch */,
				9FE712C913AD186000635EB4 /* main.m */,
			);
			name = "Supporting Files";
			sourceTree = "<group>";
		};
/* End PBXGroup section */

/* Begin PBXNativeTarget section */
		9FE712B713AD186000635EB4 /* SimpleTable */ = {
			isa = PBXNativeTarget;
			buildConfigurationList = 9FE712D913AD186000635EB4 /* Build configuration list for PBXNativeTarget "SimpleTable" */;
			buildPhases = (
				9FE712B413AD186000635EB4 /* Sources */,
				9FE712B513AD186000635EB4 /* Frameworks */,
				9FE712B613AD186000635EB4 /* Resources */,
			);
			buildRules = (
			);
			dependencies = (
			);
			name = SimpleTable;
			productName = SimpleTable;
			productReference = 9FE712B813AD186000635EB4 /* SimpleTable.app */;
			productType = "com.apple.product-type.application";
		};
/* End PBXNativeTarget section */

/* Begin PBXProject section */
		9FE712AF13AD186000635EB4 /* Project object */ = {
			isa = PBXProject;
			attributes = {
				ORGANIZATIONNAME = "Software Machine Development";
			};
			buildConfigurationList = 9FE712B213AD186000635EB4 /* Build configuration list for PBXProject "SimpleTable" */;
			compatibilityVersion = "Xcode 3.2";
			developmentRegion = English;
			hasScannedForEncodings = 0;
			knownRegions = (
				en,
			);
			mainGroup = 9FE712AD13AD186000635EB4;
			productRefGroup = 9FE712B913AD186000635EB4 /* Products */;
			projectDirPath = "";
			projectRoot = "";
			targets = (
				9FE712B713AD186000635EB4 /* SimpleTable */,
			);
		};
/* End PBXProject section */

/* Begin PBXResourcesBuildPhase section */
		9FE712B613AD186000635EB4 /* Resources */ = {
			isa = PBXResourcesBuildPhase;
			buildActionMask = 2147483647;
			files = (
				9FE712C713AD186000635EB4 /* InfoPlist.strings in Resources */,
				9FE712D013AD186000635EB4 /* MainWindow.xib in Resources */,
				9FE712D613AD186000635EB4 /* SimpleTableViewController.xib in Resources */,
			);
			runOnlyForDeploymentPostprocessing = 0;
		};
/* End PBXResourcesBuildPhase section */

/* Begin PBXSourcesBuildPhase section */
		9FE712B413AD186000635EB4 /* Sources */ = {
			isa = PBXSourcesBuildPhase;
			buildActionMask = 2147483647;
			files = (
				9FE712CA13AD186000635EB4 /* main.m in Sources */,
				9FE712CD13AD186000635EB4 /* SimpleTableAppDelegate.m in Sources */,
				9FE712D313AD186000635EB4 /* SimpleTableViewController.m in Sources */,
			);
			runOnlyForDeploymentPostprocessing = 0;
		};
/* End PBXSourcesBuildPhase section */

/* Begin PBXVariantGroup section */
		9FE712C513AD186000635EB4 /* InfoPlist.strings */ = {
			isa = PBXVariantGroup;
			children = (
				9FE712C613AD186000635EB4 /* en */,
			);
			name = InfoPlist.strings;
			sourceTree = "<group>";
		};
		9FE712CE13AD186000635EB4 /* MainWindow.xib */ = {
			isa = PBXVariantGroup;
			children = (
				9FE712CF13AD186000635EB4 /* en */,
			);
			name = MainWindow.xib;
			sourceTree = "<group>";
		};
		9FE712D413AD186000635EB4 /* SimpleTableViewController.xib */ = {
			isa = PBXVariantGroup;
			children = (
				9FE712D513AD186000635EB4 /* en */,
			);
			name = SimpleTableViewController.xib;
			sourceTree = "<group>";
		};
/* End PBXVariantGroup section */

/* Begin XCBuildConfiguration section */
		9FE712D713AD186000635EB4 /* Debug */ = {
			isa = XCBuildConfiguration;
			buildSettings = {
				ARCHS = "$(ARCHS_STANDARD_32_BIT)";
				"CODE_SIGN_IDENTITY[sdk=iphoneos*]" = "iPhone Developer";
				GCC_C_LANGUAGE_STANDARD = gnu99;
				GCC_OPTIMIZATION_LEVEL = 0;
				GCC_PREPROCESSOR_DEFINITIONS = DEBUG;
				GCC_SYMBOLS_PRIVATE_EXTERN = NO;
				GCC_VERSION = com.apple.compilers.llvmgcc42;
				GCC_WARN_ABOUT_RETURN_TYPE = YES;
				GCC_WARN_UNUSED_VARIABLE = YES;
				IPHONEOS_DEPLOYMENT_TARGET = 4.3;
				SDKROOT = iphoneos;
			};
			name = Debug;
		};
		9FE712D813AD186000635EB4 /* Release */ = {
			isa = XCBuildConfiguration;
			buildSettings = {
				ARCHS = "$(ARCHS_STANDARD_32_BIT)";
				"CODE_SIGN_IDENTITY[sdk=iphoneos*]" = "iPhone Developer";
				GCC_C_LANGUAGE_STANDARD = gnu99;
				GCC_VERSION = com.apple.compilers.llvmgcc42;
				GCC_WARN_ABOUT_RETURN_TYPE = YES;
				GCC_WARN_UNUSED_VARIABLE = YES;
				IPHONEOS_DEPLOYMENT_TARGET = 4.3;
				OTHER_CFLAGS = "-DNS_BLOCK_ASSERTIONS=1";
				SDKROOT = iphoneos;
			};
			name = Release;
		};
		9FE712DA13AD186000635EB4 /* Debug */ = {
			isa = XCBuildConfiguration;
			buildSettings = {
				ALWAYS_SEARCH_USER_PATHS = NO;
				COPY_PHASE_STRIP = NO;
				GCC_DYNAMIC_NO_PIC = NO;
				GCC_PRECOMPILE_PREFIX_HEADER = YES;
				GCC_PREFIX_HEADER = "SimpleTable/SimpleTable-Prefix.pch";
				INFOPLIST_FILE = "SimpleTable/SimpleTable-Info.plist";
				PRODUCT_NAME = "$(TARGET_NAME)";
				WRAPPER_EXTENSION = app;
			};
			name = Debug;
		};
		9FE712DB13AD186000635EB4 /* Release */ = {
			isa = XCBuildConfiguration;
			buildSettings = {
				ALWAYS_SEARCH_USER_PATHS = NO;
				COPY_PHASE_STRIP = YES;
				GCC_PRECOMPILE_PREFIX_HEADER = YES;
				GCC_PREFIX_HEADER = "SimpleTable/SimpleTable-Prefix.pch";
				INFOPLIST_FILE = "SimpleTable/SimpleTable-Info.plist";
				PRODUCT_NAME = "$(TARGET_NAME)";
				VALIDATE_PRODUCT = YES;
				WRAPPER_EXTENSION = app;
			};
			name = Release;
		};
/* End XCBuildConfiguration section */

/* Begin XCConfigurationList section */
		9FE712B213AD186000635EB4 /* Build configuration list for PBXProject "SimpleTable" */ = {
			isa = XCConfigurationList;
			buildConfigurations = (
				9FE712D713AD186000635EB4 /* Debug */,
				9FE712D813AD186000635EB4 /* Release */,
			);
			defaultConfigurationIsVisible = 0;
			defaultConfigurationName = Release;
		};
		9FE712D913AD186000635EB4 /* Build configuration list for PBXNativeTarget "SimpleTable" */ = {
			isa = XCConfigurationList;
			buildConfigurations = (
				9FE712DA13AD186000635EB4 /* Debug */,
				9FE712DB13AD186000635EB4 /* Release */,
			);
			defaultConfigurationIsVisible = 0;
		};
/* End XCConfigurationList section */
	};
	rootObject = 9FE712AF13AD186000635EB4 /* Project object */;
}
