// !$*UTF8*$!
{
	archiveVersion = 1;
	classes = {
	};
	objectVersion = 46;
	objects = {

/* Begin PBXBuildFile section */
		6C91062D131C9E4000067599 /* Foundation.framework in Frameworks */ = {isa = PBXBuildFile; fileRef = 6C91062C131C9E4000067599 /* Foundation.framework */; };
		6C910630131C9E4000067599 /* main.m in Sources */ = {isa = PBXBuildFile; fileRef = 6C91062F131C9E4000067599 /* main.m */; };
		6C91063B131C9E6A00067599 /* First.m in Sources */ = {isa = PBXBuildFile; fileRef = 6C91063A131C9E6A00067599 /* First.m */; };
		6C91063E131C9E7600067599 /* Second.m in Sources */ = {isa = PBXBuildFile; fileRef = 6C91063D131C9E7600067599 /* Second.m */; };
		6C910641131C9E8D00067599 /* Third.m in Sources */ = {isa = PBXBuildFile; fileRef = 6C910640131C9E8D00067599 /* Third.m */; };
/* End PBXBuildFile section */

/* Begin PBXCopyFilesBuildPhase section */
		6C910626131C9E4000067599 /* CopyFiles */ = {
			isa = PBXCopyFilesBuildPhase;
			buildActionMask = 2147483647;
			dstPath = /usr/share/man/man1/;
			dstSubfolderSpec = 0;
			files = (
			);
			runOnlyForDeploymentPostprocessing = 1;
		};
/* End PBXCopyFilesBuildPhase section */

/* Begin PBXFileReference section */
		6C910628131C9E4000067599 /* Dynamic */ = {isa = PBXFileReference; explicitFileType = "compiled.mach-o.executable"; includeInIndex = 0; path = Dynamic; sourceTree = BUILT_PRODUCTS_DIR; };
		6C91062C131C9E4000067599 /* Foundation.framework */ = {isa = PBXFileReference; lastKnownFileType = wrapper.framework; name = Foundation.framework; path = System/Library/Frameworks/Foundation.framework; sourceTree = SDKROOT; };
		6C91062F131C9E4000067599 /* main.m */ = {isa = PBXFileReference; lastKnownFileType = sourcecode.c.objc; path = main.m; sourceTree = "<group>"; };
		6C910632131C9E4000067599 /* Dynamic-Prefix.pch */ = {isa = PBXFileReference; lastKnownFileType = sourcecode.c.h; path = "Dynamic-Prefix.pch"; sourceTree = "<group>"; };
		6C910633131C9E4000067599 /* Dynamic.1 */ = {isa = PBXFileReference; lastKnownFileType = text.man; path = Dynamic.1; sourceTree = "<group>"; };
		6C910639131C9E6A00067599 /* First.h */ = {isa = PBXFileReference; fileEncoding = 4; lastKnownFileType = sourcecode.c.h; path = First.h; sourceTree = "<group>"; };
		6C91063A131C9E6A00067599 /* First.m */ = {isa = PBXFileReference; fileEncoding = 4; lastKnownFileType = sourcecode.c.objc; path = First.m; sourceTree = "<group>"; };
		6C91063C131C9E7600067599 /* Second.h */ = {isa = PBXFileReference; fileEncoding = 4; lastKnownFileType = sourcecode.c.h; path = Second.h; sourceTree = "<group>"; };
		6C91063D131C9E7600067599 /* Second.m */ = {isa = PBXFileReference; fileEncoding = 4; lastKnownFileType = sourcecode.c.objc; path = Second.m; sourceTree = "<group>"; };
		6C91063F131C9E8D00067599 /* Third.h */ = {isa = PBXFileReference; fileEncoding = 4; lastKnownFileType = sourcecode.c.h; path = Third.h; sourceTree = "<group>"; };
		6C910640131C9E8D00067599 /* Third.m */ = {isa = PBXFileReference; fileEncoding = 4; lastKnownFileType = sourcecode.c.objc; path = Third.m; sourceTree = "<group>"; };
/* End PBXFileReference section */

/* Begin PBXFrameworksBuildPhase section */
		6C910625131C9E4000067599 /* Frameworks */ = {
			isa = PBXFrameworksBuildPhase;
			buildActionMask = 2147483647;
			files = (
				6C91062D131C9E4000067599 /* Foundation.framework in Frameworks */,
			);
			runOnlyForDeploymentPostprocessing = 0;
		};
/* End PBXFrameworksBuildPhase section */

/* Begin PBXGroup section */
		6C91061D131C9E4000067599 = {
			isa = PBXGroup;
			children = (
				6C910639131C9E6A00067599 /* First.h */,
				6C91063C131C9E7600067599 /* Second.h */,
				6C91063F131C9E8D00067599 /* Third.h */,
				6C910640131C9E8D00067599 /* Third.m */,
				6C91063D131C9E7600067599 /* Second.m */,
				6C91063A131C9E6A00067599 /* First.m */,
				6C91062E131C9E4000067599 /* Dynamic */,
				6C91062B131C9E4000067599 /* Frameworks */,
				6C910629131C9E4000067599 /* Products */,
			);
			sourceTree = "<group>";
		};
		6C910629131C9E4000067599 /* Products */ = {
			isa = PBXGroup;
			children = (
				6C910628131C9E4000067599 /* Dynamic */,
			);
			name = Products;
			sourceTree = "<group>";
		};
		6C91062B131C9E4000067599 /* Frameworks */ = {
			isa = PBXGroup;
			children = (
				6C91062C131C9E4000067599 /* Foundation.framework */,
			);
			name = Frameworks;
			sourceTree = "<group>";
		};
		6C91062E131C9E4000067599 /* Dynamic */ = {
			isa = PBXGroup;
			children = (
				6C91062F131C9E4000067599 /* main.m */,
				6C910633131C9E4000067599 /* Dynamic.1 */,
				6C910631131C9E4000067599 /* Supporting Files */,
			);
			path = Dynamic;
			sourceTree = "<group>";
		};
		6C910631131C9E4000067599 /* Supporting Files */ = {
			isa = PBXGroup;
			children = (
				6C910632131C9E4000067599 /* Dynamic-Prefix.pch */,
			);
			name = "Supporting Files";
			sourceTree = "<group>";
		};
/* End PBXGroup section */

/* Begin PBXNativeTarget section */
		6C910627131C9E4000067599 /* Dynamic */ = {
			isa = PBXNativeTarget;
			buildConfigurationList = 6C910636131C9E4000067599 /* Build configuration list for PBXNativeTarget "Dynamic" */;
			buildPhases = (
				6C910624131C9E4000067599 /* Sources */,
				6C910625131C9E4000067599 /* Frameworks */,
				6C910626131C9E4000067599 /* CopyFiles */,
			);
			buildRules = (
			);
			dependencies = (
			);
			name = Dynamic;
			productName = Dynamic;
			productReference = 6C910628131C9E4000067599 /* Dynamic */;
			productType = "com.apple.product-type.tool";
		};
/* End PBXNativeTarget section */

/* Begin PBXProject section */
		6C91061F131C9E4000067599 /* Project object */ = {
			isa = PBXProject;
			buildConfigurationList = 6C910622131C9E4000067599 /* Build configuration list for PBXProject "Dynamic" */;
			compatibilityVersion = "Xcode 3.2";
			developmentRegion = English;
			hasScannedForEncodings = 0;
			knownRegions = (
				en,
			);
			mainGroup = 6C91061D131C9E4000067599;
			productRefGroup = 6C910629131C9E4000067599 /* Products */;
			projectDirPath = "";
			projectRoot = "";
			targets = (
				6C910627131C9E4000067599 /* Dynamic */,
			);
		};
/* End PBXProject section */

/* Begin PBXSourcesBuildPhase section */
		6C910624131C9E4000067599 /* Sources */ = {
			isa = PBXSourcesBuildPhase;
			buildActionMask = 2147483647;
			files = (
				6C910630131C9E4000067599 /* main.m in Sources */,
				6C91063B131C9E6A00067599 /* First.m in Sources */,
				6C91063E131C9E7600067599 /* Second.m in Sources */,
				6C910641131C9E8D00067599 /* Third.m in Sources */,
			);
			runOnlyForDeploymentPostprocessing = 0;
		};
/* End PBXSourcesBuildPhase section */

/* Begin XCBuildConfiguration section */
		6C910634131C9E4000067599 /* Debug */ = {
			isa = XCBuildConfiguration;
			buildSettings = {
				ARCHS = "$(ARCHS_STANDARD_32_64_BIT)";
				GCC_C_LANGUAGE_STANDARD = gnu99;
				GCC_OPTIMIZATION_LEVEL = 0;
				GCC_PREPROCESSOR_DEFINITIONS = DEBUG;
				GCC_VERSION = com.apple.compilers.llvm.clang.1_0;
				GCC_WARN_64_TO_32_BIT_CONVERSION = YES;
				GCC_WARN_ABOUT_RETURN_TYPE = YES;
				GCC_WARN_UNUSED_VARIABLE = YES;
				MACOSX_DEPLOYMENT_TARGET = 10.6;
				ONLY_ACTIVE_ARCH = YES;
				SDKROOT = macosx;
			};
			name = Debug;
		};
		6C910635131C9E4000067599 /* Release */ = {
			isa = XCBuildConfiguration;
			buildSettings = {
				ARCHS = "$(ARCHS_STANDARD_32_64_BIT)";
				GCC_C_LANGUAGE_STANDARD = gnu99;
				GCC_VERSION = com.apple.compilers.llvm.clang.1_0;
				GCC_WARN_64_TO_32_BIT_CONVERSION = YES;
				GCC_WARN_ABOUT_RETURN_TYPE = YES;
				GCC_WARN_UNUSED_VARIABLE = YES;
				MACOSX_DEPLOYMENT_TARGET = 10.6;
				SDKROOT = macosx;
			};
			name = Release;
		};
		6C910637131C9E4000067599 /* Debug */ = {
			isa = XCBuildConfiguration;
			buildSettings = {
				ALWAYS_SEARCH_USER_PATHS = NO;
				COPY_PHASE_STRIP = NO;
				GCC_DYNAMIC_NO_PIC = NO;
				GCC_ENABLE_OBJC_EXCEPTIONS = YES;
				GCC_PRECOMPILE_PREFIX_HEADER = YES;
				GCC_PREFIX_HEADER = "Dynamic/Dynamic-Prefix.pch";
				PRODUCT_NAME = "$(TARGET_NAME)";
			};
			name = Debug;
		};
		6C910638131C9E4000067599 /* Release */ = {
			isa = XCBuildConfiguration;
			buildSettings = {
				ALWAYS_SEARCH_USER_PATHS = NO;
				COPY_PHASE_STRIP = YES;
				DEBUG_INFORMATION_FORMAT = "dwarf-with-dsym";
				GCC_ENABLE_OBJC_EXCEPTIONS = YES;
				GCC_PRECOMPILE_PREFIX_HEADER = YES;
				GCC_PREFIX_HEADER = "Dynamic/Dynamic-Prefix.pch";
				PRODUCT_NAME = "$(TARGET_NAME)";
			};
			name = Release;
		};
/* End XCBuildConfiguration section */

/* Begin XCConfigurationList section */
		6C910622131C9E4000067599 /* Build configuration list for PBXProject "Dynamic" */ = {
			isa = XCConfigurationList;
			buildConfigurations = (
				6C910634131C9E4000067599 /* Debug */,
				6C910635131C9E4000067599 /* Release */,
			);
			defaultConfigurationIsVisible = 0;
			defaultConfigurationName = Release;
		};
		6C910636131C9E4000067599 /* Build configuration list for PBXNativeTarget "Dynamic" */ = {
			isa = XCConfigurationList;
			buildConfigurations = (
				6C910637131C9E4000067599 /* Debug */,
				6C910638131C9E4000067599 /* Release */,
			);
			defaultConfigurationIsVisible = 0;
		};
/* End XCConfigurationList section */
	};
	rootObject = 6C91061F131C9E4000067599 /* Project object */;
}
