// !$*UTF8*$!
{
	archiveVersion = 1;
	classes = {
	};
	objectVersion = 46;
	objects = {

/* Begin PBXBuildFile section */
		9FA731BF13AC875E00BD08B1 /* Foundation.framework in Frameworks */ = {isa = PBXBuildFile; fileRef = 9FA731BE13AC875E00BD08B1 /* Foundation.framework */; };
		9FA731C213AC875E00BD08B1 /* main.m in Sources */ = {isa = PBXBuildFile; fileRef = 9FA731C113AC875E00BD08B1 /* main.m */; };
/* End PBXBuildFile section */

/* Begin PBXCopyFilesBuildPhase section */
		9FA731B813AC875E00BD08B1 /* CopyFiles */ = {
			isa = PBXCopyFilesBuildPhase;
			buildActionMask = 2147483647;
			dstPath = /usr/share/man/man1/;
			dstSubfolderSpec = 0;
			files = (
			);
			runOnlyForDeploymentPostprocessing = 1;
		};
/* End PBXCopyFilesBuildPhase section */

/* Begin PBXFileReference section */
		9FA731BA13AC875E00BD08B1 /* ArithmeticExpressions */ = {isa = PBXFileReference; explicitFileType = "compiled.mach-o.executable"; includeInIndex = 0; path = ArithmeticExpressions; sourceTree = BUILT_PRODUCTS_DIR; };
		9FA731BE13AC875E00BD08B1 /* Foundation.framework */ = {isa = PBXFileReference; lastKnownFileType = wrapper.framework; name = Foundation.framework; path = System/Library/Frameworks/Foundation.framework; sourceTree = SDKROOT; };
		9FA731C113AC875E00BD08B1 /* main.m */ = {isa = PBXFileReference; lastKnownFileType = sourcecode.c.objc; path = main.m; sourceTree = "<group>"; };
		9FA731C413AC875E00BD08B1 /* ArithmeticExpressions-Prefix.pch */ = {isa = PBXFileReference; lastKnownFileType = sourcecode.c.h; path = "ArithmeticExpressions-Prefix.pch"; sourceTree = "<group>"; };
		9FA731C513AC875E00BD08B1 /* ArithmeticExpressions.1 */ = {isa = PBXFileReference; lastKnownFileType = text.man; path = ArithmeticExpressions.1; sourceTree = "<group>"; };
/* End PBXFileReference section */

/* Begin PBXFrameworksBuildPhase section */
		9FA731B713AC875E00BD08B1 /* Frameworks */ = {
			isa = PBXFrameworksBuildPhase;
			buildActionMask = 2147483647;
			files = (
				9FA731BF13AC875E00BD08B1 /* Foundation.framework in Frameworks */,
			);
			runOnlyForDeploymentPostprocessing = 0;
		};
/* End PBXFrameworksBuildPhase section */

/* Begin PBXGroup section */
		9FA731AF13AC875E00BD08B1 = {
			isa = PBXGroup;
			children = (
				9FA731C013AC875E00BD08B1 /* ArithmeticExpressions */,
				9FA731BD13AC875E00BD08B1 /* Frameworks */,
				9FA731BB13AC875E00BD08B1 /* Products */,
			);
			sourceTree = "<group>";
		};
		9FA731BB13AC875E00BD08B1 /* Products */ = {
			isa = PBXGroup;
			children = (
				9FA731BA13AC875E00BD08B1 /* ArithmeticExpressions */,
			);
			name = Products;
			sourceTree = "<group>";
		};
		9FA731BD13AC875E00BD08B1 /* Frameworks */ = {
			isa = PBXGroup;
			children = (
				9FA731BE13AC875E00BD08B1 /* Foundation.framework */,
			);
			name = Frameworks;
			sourceTree = "<group>";
		};
		9FA731C013AC875E00BD08B1 /* ArithmeticExpressions */ = {
			isa = PBXGroup;
			children = (
				9FA731C113AC875E00BD08B1 /* main.m */,
				9FA731C513AC875E00BD08B1 /* ArithmeticExpressions.1 */,
				9FA731C313AC875E00BD08B1 /* Supporting Files */,
			);
			path = ArithmeticExpressions;
			sourceTree = "<group>";
		};
		9FA731C313AC875E00BD08B1 /* Supporting Files */ = {
			isa = PBXGroup;
			children = (
				9FA731C413AC875E00BD08B1 /* ArithmeticExpressions-Prefix.pch */,
			);
			name = "Supporting Files";
			sourceTree = "<group>";
		};
/* End PBXGroup section */

/* Begin PBXNativeTarget section */
		9FA731B913AC875E00BD08B1 /* ArithmeticExpressions */ = {
			isa = PBXNativeTarget;
			buildConfigurationList = 9FA731C813AC875E00BD08B1 /* Build configuration list for PBXNativeTarget "ArithmeticExpressions" */;
			buildPhases = (
				9FA731B613AC875E00BD08B1 /* Sources */,
				9FA731B713AC875E00BD08B1 /* Frameworks */,
				9FA731B813AC875E00BD08B1 /* CopyFiles */,
			);
			buildRules = (
			);
			dependencies = (
			);
			name = ArithmeticExpressions;
			productName = ArithmeticExpressions;
			productReference = 9FA731BA13AC875E00BD08B1 /* ArithmeticExpressions */;
			productType = "com.apple.product-type.tool";
		};
/* End PBXNativeTarget section */

/* Begin PBXProject section */
		9FA731B113AC875E00BD08B1 /* Project object */ = {
			isa = PBXProject;
			attributes = {
				ORGANIZATIONNAME = "Software Machine Development";
			};
			buildConfigurationList = 9FA731B413AC875E00BD08B1 /* Build configuration list for PBXProject "ArithmeticExpressions" */;
			compatibilityVersion = "Xcode 3.2";
			developmentRegion = English;
			hasScannedForEncodings = 0;
			knownRegions = (
				en,
			);
			mainGroup = 9FA731AF13AC875E00BD08B1;
			productRefGroup = 9FA731BB13AC875E00BD08B1 /* Products */;
			projectDirPath = "";
			projectRoot = "";
			targets = (
				9FA731B913AC875E00BD08B1 /* ArithmeticExpressions */,
			);
		};
/* End PBXProject section */

/* Begin PBXSourcesBuildPhase section */
		9FA731B613AC875E00BD08B1 /* Sources */ = {
			isa = PBXSourcesBuildPhase;
			buildActionMask = 2147483647;
			files = (
				9FA731C213AC875E00BD08B1 /* main.m in Sources */,
			);
			runOnlyForDeploymentPostprocessing = 0;
		};
/* End PBXSourcesBuildPhase section */

/* Begin XCBuildConfiguration section */
		9FA731C613AC875E00BD08B1 /* Debug */ = {
			isa = XCBuildConfiguration;
			buildSettings = {
				ARCHS = "$(ARCHS_STANDARD_32_64_BIT)";
				GCC_C_LANGUAGE_STANDARD = gnu99;
				GCC_OPTIMIZATION_LEVEL = 0;
				GCC_PREPROCESSOR_DEFINITIONS = DEBUG;
				GCC_SYMBOLS_PRIVATE_EXTERN = NO;
				GCC_VERSION = com.apple.compilers.llvm.clang.1_0;
				GCC_WARN_64_TO_32_BIT_CONVERSION = YES;
				GCC_WARN_ABOUT_RETURN_TYPE = YES;
				GCC_WARN_UNUSED_VARIABLE = YES;
				MACOSX_DEPLOYMENT_TARGET = 10.6;
				ONLY_ACTIVE_ARCH = YES;
				SDKROOT = macosx;
			};
			name = Debug;
		};
		9FA731C713AC875E00BD08B1 /* Release */ = {
			isa = XCBuildConfiguration;
			buildSettings = {
				ARCHS = "$(ARCHS_STANDARD_32_64_BIT)";
				GCC_C_LANGUAGE_STANDARD = gnu99;
				GCC_VERSION = com.apple.compilers.llvm.clang.1_0;
				GCC_WARN_64_TO_32_BIT_CONVERSION = YES;
				GCC_WARN_ABOUT_RETURN_TYPE = YES;
				GCC_WARN_UNUSED_VARIABLE = YES;
				MACOSX_DEPLOYMENT_TARGET = 10.6;
				SDKROOT = macosx;
			};
			name = Release;
		};
		9FA731C913AC875E00BD08B1 /* Debug */ = {
			isa = XCBuildConfiguration;
			buildSettings = {
				ALWAYS_SEARCH_USER_PATHS = NO;
				COPY_PHASE_STRIP = NO;
				GCC_DYNAMIC_NO_PIC = NO;
				GCC_ENABLE_OBJC_EXCEPTIONS = YES;
				GCC_PRECOMPILE_PREFIX_HEADER = YES;
				GCC_PREFIX_HEADER = "ArithmeticExpressions/ArithmeticExpressions-Prefix.pch";
				PRODUCT_NAME = "$(TARGET_NAME)";
			};
			name = Debug;
		};
		9FA731CA13AC875E00BD08B1 /* Release */ = {
			isa = XCBuildConfiguration;
			buildSettings = {
				ALWAYS_SEARCH_USER_PATHS = NO;
				COPY_PHASE_STRIP = YES;
				DEBUG_INFORMATION_FORMAT = "dwarf-with-dsym";
				GCC_ENABLE_OBJC_EXCEPTIONS = YES;
				GCC_PRECOMPILE_PREFIX_HEADER = YES;
				GCC_PREFIX_HEADER = "ArithmeticExpressions/ArithmeticExpressions-Prefix.pch";
				PRODUCT_NAME = "$(TARGET_NAME)";
			};
			name = Release;
		};
/* End XCBuildConfiguration section */

/* Begin XCConfigurationList section */
		9FA731B413AC875E00BD08B1 /* Build configuration list for PBXProject "ArithmeticExpressions" */ = {
			isa = XCConfigurationList;
			buildConfigurations = (
				9FA731C613AC875E00BD08B1 /* Debug */,
				9FA731C713AC875E00BD08B1 /* Release */,
			);
			defaultConfigurationIsVisible = 0;
			defaultConfigurationName = Release;
		};
		9FA731C813AC875E00BD08B1 /* Build configuration list for PBXNativeTarget "ArithmeticExpressions" */ = {
			isa = XCConfigurationList;
			buildConfigurations = (
				9FA731C913AC875E00BD08B1 /* Debug */,
				9FA731CA13AC875E00BD08B1 /* Release */,
			);
			defaultConfigurationIsVisible = 0;
		};
/* End XCConfigurationList section */
	};
	rootObject = 9FA731B113AC875E00BD08B1 /* Project object */;
}
