// !$*UTF8*$!
{
	archiveVersion = 1;
	classes = {
	};
	objectVersion = 46;
	objects = {

/* Begin PBXBuildFile section */
		9FF429B313ACFA48004C850C /* UIKit.framework in Frameworks */ = {isa = PBXBuildFile; fileRef = 9FF429B213ACFA48004C850C /* UIKit.framework */; };
		9FF429B513ACFA48004C850C /* Foundation.framework in Frameworks */ = {isa = PBXBuildFile; fileRef = 9FF429B413ACFA48004C850C /* Foundation.framework */; };
		9FF429B713ACFA48004C850C /* CoreGraphics.framework in Frameworks */ = {isa = PBXBuildFile; fileRef = 9FF429B613ACFA48004C850C /* CoreGraphics.framework */; };
		9FF429BD13ACFA48004C850C /* InfoPlist.strings in Resources */ = {isa = PBXBuildFile; fileRef = 9FF429BB13ACFA48004C850C /* InfoPlist.strings */; };
		9FF429C013ACFA48004C850C /* main.m in Sources */ = {isa = PBXBuildFile; fileRef = 9FF429BF13ACFA48004C850C /* main.m */; };
		9FF429C313ACFA48004C850C /* UserInputAppDelegate.m in Sources */ = {isa = PBXBuildFile; fileRef = 9FF429C213ACFA48004C850C /* UserInputAppDelegate.m */; };
		9FF429C613ACFA48004C850C /* MainWindow.xib in Resources */ = {isa = PBXBuildFile; fileRef = 9FF429C413ACFA48004C850C /* MainWindow.xib */; };
		9FF429C913ACFA48004C850C /* UserInputViewController.m in Sources */ = {isa = PBXBuildFile; fileRef = 9FF429C813ACFA48004C850C /* UserInputViewController.m */; };
		9FF429CC13ACFA48004C850C /* UserInputViewController.xib in Resources */ = {isa = PBXBuildFile; fileRef = 9FF429CA13ACFA48004C850C /* UserInputViewController.xib */; };
/* End PBXBuildFile section */

/* Begin PBXFileReference section */
		9FF429AE13ACFA48004C850C /* UserInput.app */ = {isa = PBXFileReference; explicitFileType = wrapper.application; includeInIndex = 0; path = UserInput.app; sourceTree = BUILT_PRODUCTS_DIR; };
		9FF429B213ACFA48004C850C /* UIKit.framework */ = {isa = PBXFileReference; lastKnownFileType = wrapper.framework; name = UIKit.framework; path = System/Library/Frameworks/UIKit.framework; sourceTree = SDKROOT; };
		9FF429B413ACFA48004C850C /* Foundation.framework */ = {isa = PBXFileReference; lastKnownFileType = wrapper.framework; name = Foundation.framework; path = System/Library/Frameworks/Foundation.framework; sourceTree = SDKROOT; };
		9FF429B613ACFA48004C850C /* CoreGraphics.framework */ = {isa = PBXFileReference; lastKnownFileType = wrapper.framework; name = CoreGraphics.framework; path = System/Library/Frameworks/CoreGraphics.framework; sourceTree = SDKROOT; };
		9FF429BA13ACFA48004C850C /* UserInput-Info.plist */ = {isa = PBXFileReference; lastKnownFileType = text.plist.xml; path = "UserInput-Info.plist"; sourceTree = "<group>"; };
		9FF429BC13ACFA48004C850C /* en */ = {isa = PBXFileReference; lastKnownFileType = text.plist.strings; name = en; path = en.lproj/InfoPlist.strings; sourceTree = "<group>"; };
		9FF429BE13ACFA48004C850C /* UserInput-Prefix.pch */ = {isa = PBXFileReference; lastKnownFileType = sourcecode.c.h; path = "UserInput-Prefix.pch"; sourceTree = "<group>"; };
		9FF429BF13ACFA48004C850C /* main.m */ = {isa = PBXFileReference; lastKnownFileType = sourcecode.c.objc; path = main.m; sourceTree = "<group>"; };
		9FF429C113ACFA48004C850C /* UserInputAppDelegate.h */ = {isa = PBXFileReference; lastKnownFileType = sourcecode.c.h; path = UserInputAppDelegate.h; sourceTree = "<group>"; };
		9FF429C213ACFA48004C850C /* UserInputAppDelegate.m */ = {isa = PBXFileReference; lastKnownFileType = sourcecode.c.objc; path = UserInputAppDelegate.m; sourceTree = "<group>"; };
		9FF429C513ACFA48004C850C /* en */ = {isa = PBXFileReference; lastKnownFileType = file.xib; name = en; path = en.lproj/MainWindow.xib; sourceTree = "<group>"; };
		9FF429C713ACFA48004C850C /* UserInputViewController.h */ = {isa = PBXFileReference; lastKnownFileType = sourcecode.c.h; path = UserInputViewController.h; sourceTree = "<group>"; };
		9FF429C813ACFA48004C850C /* UserInputViewController.m */ = {isa = PBXFileReference; lastKnownFileType = sourcecode.c.objc; path = UserInputViewController.m; sourceTree = "<group>"; };
		9FF429CB13ACFA48004C850C /* en */ = {isa = PBXFileReference; lastKnownFileType = file.xib; name = en; path = en.lproj/UserInputViewController.xib; sourceTree = "<group>"; };
/* End PBXFileReference section */

/* Begin PBXFrameworksBuildPhase section */
		9FF429AB13ACFA48004C850C /* Frameworks */ = {
			isa = PBXFrameworksBuildPhase;
			buildActionMask = 2147483647;
			files = (
				9FF429B313ACFA48004C850C /* UIKit.framework in Frameworks */,
				9FF429B513ACFA48004C850C /* Foundation.framework in Frameworks */,
				9FF429B713ACFA48004C850C /* CoreGraphics.framework in Frameworks */,
			);
			runOnlyForDeploymentPostprocessing = 0;
		};
/* End PBXFrameworksBuildPhase section */

/* Begin PBXGroup section */
		9FF429A313ACFA48004C850C = {
			isa = PBXGroup;
			children = (
				9FF429B813ACFA48004C850C /* UserInput */,
				9FF429B113ACFA48004C850C /* Frameworks */,
				9FF429AF13ACFA48004C850C /* Products */,
			);
			sourceTree = "<group>";
		};
		9FF429AF13ACFA48004C850C /* Products */ = {
			isa = PBXGroup;
			children = (
				9FF429AE13ACFA48004C850C /* UserInput.app */,
			);
			name = Products;
			sourceTree = "<group>";
		};
		9FF429B113ACFA48004C850C /* Frameworks */ = {
			isa = PBXGroup;
			children = (
				9FF429B213ACFA48004C850C /* UIKit.framework */,
				9FF429B413ACFA48004C850C /* Foundation.framework */,
				9FF429B613ACFA48004C850C /* CoreGraphics.framework */,
			);
			name = Frameworks;
			sourceTree = "<group>";
		};
		9FF429B813ACFA48004C850C /* UserInput */ = {
			isa = PBXGroup;
			children = (
				9FF429C113ACFA48004C850C /* UserInputAppDelegate.h */,
				9FF429C213ACFA48004C850C /* UserInputAppDelegate.m */,
				9FF429C413ACFA48004C850C /* MainWindow.xib */,
				9FF429C713ACFA48004C850C /* UserInputViewController.h */,
				9FF429C813ACFA48004C850C /* UserInputViewController.m */,
				9FF429CA13ACFA48004C850C /* UserInputViewController.xib */,
				9FF429B913ACFA48004C850C /* Supporting Files */,
			);
			path = UserInput;
			sourceTree = "<group>";
		};
		9FF429B913ACFA48004C850C /* Supporting Files */ = {
			isa = PBXGroup;
			children = (
				9FF429BA13ACFA48004C850C /* UserInput-Info.plist */,
				9FF429BB13ACFA48004C850C /* InfoPlist.strings */,
				9FF429BE13ACFA48004C850C /* UserInput-Prefix.pch */,
				9FF429BF13ACFA48004C850C /* main.m */,
			);
			name = "Supporting Files";
			sourceTree = "<group>";
		};
/* End PBXGroup section */

/* Begin PBXNativeTarget section */
		9FF429AD13ACFA48004C850C /* UserInput */ = {
			isa = PBXNativeTarget;
			buildConfigurationList = 9FF429CF13ACFA48004C850C /* Build configuration list for PBXNativeTarget "UserInput" */;
			buildPhases = (
				9FF429AA13ACFA48004C850C /* Sources */,
				9FF429AB13ACFA48004C850C /* Frameworks */,
				9FF429AC13ACFA48004C850C /* Resources */,
			);
			buildRules = (
			);
			dependencies = (
			);
			name = UserInput;
			productName = UserInput;
			productReference = 9FF429AE13ACFA48004C850C /* UserInput.app */;
			productType = "com.apple.product-type.application";
		};
/* End PBXNativeTarget section */

/* Begin PBXProject section */
		9FF429A513ACFA48004C850C /* Project object */ = {
			isa = PBXProject;
			attributes = {
				ORGANIZATIONNAME = "Software Machine Development";
			};
			buildConfigurationList = 9FF429A813ACFA48004C850C /* Build configuration list for PBXProject "UserInput" */;
			compatibilityVersion = "Xcode 3.2";
			developmentRegion = English;
			hasScannedForEncodings = 0;
			knownRegions = (
				en,
			);
			mainGroup = 9FF429A313ACFA48004C850C;
			productRefGroup = 9FF429AF13ACFA48004C850C /* Products */;
			projectDirPath = "";
			projectRoot = "";
			targets = (
				9FF429AD13ACFA48004C850C /* UserInput */,
			);
		};
/* End PBXProject section */

/* Begin PBXResourcesBuildPhase section */
		9FF429AC13ACFA48004C850C /* Resources */ = {
			isa = PBXResourcesBuildPhase;
			buildActionMask = 2147483647;
			files = (
				9FF429BD13ACFA48004C850C /* InfoPlist.strings in Resources */,
				9FF429C613ACFA48004C850C /* MainWindow.xib in Resources */,
				9FF429CC13ACFA48004C850C /* UserInputViewController.xib in Resources */,
			);
			runOnlyForDeploymentPostprocessing = 0;
		};
/* End PBXResourcesBuildPhase section */

/* Begin PBXSourcesBuildPhase section */
		9FF429AA13ACFA48004C850C /* Sources */ = {
			isa = PBXSourcesBuildPhase;
			buildActionMask = 2147483647;
			files = (
				9FF429C013ACFA48004C850C /* main.m in Sources */,
				9FF429C313ACFA48004C850C /* UserInputAppDelegate.m in Sources */,
				9FF429C913ACFA48004C850C /* UserInputViewController.m in Sources */,
			);
			runOnlyForDeploymentPostprocessing = 0;
		};
/* End PBXSourcesBuildPhase section */

/* Begin PBXVariantGroup section */
		9FF429BB13ACFA48004C850C /* InfoPlist.strings */ = {
			isa = PBXVariantGroup;
			children = (
				9FF429BC13ACFA48004C850C /* en */,
			);
			name = InfoPlist.strings;
			sourceTree = "<group>";
		};
		9FF429C413ACFA48004C850C /* MainWindow.xib */ = {
			isa = PBXVariantGroup;
			children = (
				9FF429C513ACFA48004C850C /* en */,
			);
			name = MainWindow.xib;
			sourceTree = "<group>";
		};
		9FF429CA13ACFA48004C850C /* UserInputViewController.xib */ = {
			isa = PBXVariantGroup;
			children = (
				9FF429CB13ACFA48004C850C /* en */,
			);
			name = UserInputViewController.xib;
			sourceTree = "<group>";
		};
/* End PBXVariantGroup section */

/* Begin XCBuildConfiguration section */
		9FF429CD13ACFA48004C850C /* Debug */ = {
			isa = XCBuildConfiguration;
			buildSettings = {
				ARCHS = "$(ARCHS_STANDARD_32_BIT)";
				"CODE_SIGN_IDENTITY[sdk=iphoneos*]" = "iPhone Developer";
				GCC_C_LANGUAGE_STANDARD = gnu99;
				GCC_OPTIMIZATION_LEVEL = 0;
				GCC_PREPROCESSOR_DEFINITIONS = DEBUG;
				GCC_SYMBOLS_PRIVATE_EXTERN = NO;
				GCC_VERSION = com.apple.compilers.llvmgcc42;
				GCC_WARN_ABOUT_RETURN_TYPE = YES;
				GCC_WARN_UNUSED_VARIABLE = YES;
				IPHONEOS_DEPLOYMENT_TARGET = 4.3;
				SDKROOT = iphoneos;
			};
			name = Debug;
		};
		9FF429CE13ACFA48004C850C /* Release */ = {
			isa = XCBuildConfiguration;
			buildSettings = {
				ARCHS = "$(ARCHS_STANDARD_32_BIT)";
				"CODE_SIGN_IDENTITY[sdk=iphoneos*]" = "iPhone Developer";
				GCC_C_LANGUAGE_STANDARD = gnu99;
				GCC_VERSION = com.apple.compilers.llvmgcc42;
				GCC_WARN_ABOUT_RETURN_TYPE = YES;
				GCC_WARN_UNUSED_VARIABLE = YES;
				IPHONEOS_DEPLOYMENT_TARGET = 4.3;
				OTHER_CFLAGS = "-DNS_BLOCK_ASSERTIONS=1";
				SDKROOT = iphoneos;
			};
			name = Release;
		};
		9FF429D013ACFA48004C850C /* Debug */ = {
			isa = XCBuildConfiguration;
			buildSettings = {
				ALWAYS_SEARCH_USER_PATHS = NO;
				COPY_PHASE_STRIP = NO;
				GCC_DYNAMIC_NO_PIC = NO;
				GCC_PRECOMPILE_PREFIX_HEADER = YES;
				GCC_PREFIX_HEADER = "UserInput/UserInput-Prefix.pch";
				INFOPLIST_FILE = "UserInput/UserInput-Info.plist";
				PRODUCT_NAME = "$(TARGET_NAME)";
				WRAPPER_EXTENSION = app;
			};
			name = Debug;
		};
		9FF429D113ACFA48004C850C /* Release */ = {
			isa = XCBuildConfiguration;
			buildSettings = {
				ALWAYS_SEARCH_USER_PATHS = NO;
				COPY_PHASE_STRIP = YES;
				GCC_PRECOMPILE_PREFIX_HEADER = YES;
				GCC_PREFIX_HEADER = "UserInput/UserInput-Prefix.pch";
				INFOPLIST_FILE = "UserInput/UserInput-Info.plist";
				PRODUCT_NAME = "$(TARGET_NAME)";
				VALIDATE_PRODUCT = YES;
				WRAPPER_EXTENSION = app;
			};
			name = Release;
		};
/* End XCBuildConfiguration section */

/* Begin XCConfigurationList section */
		9FF429A813ACFA48004C850C /* Build configuration list for PBXProject "UserInput" */ = {
			isa = XCConfigurationList;
			buildConfigurations = (
				9FF429CD13ACFA48004C850C /* Debug */,
				9FF429CE13ACFA48004C850C /* Release */,
			);
			defaultConfigurationIsVisible = 0;
			defaultConfigurationName = Release;
		};
		9FF429CF13ACFA48004C850C /* Build configuration list for PBXNativeTarget "UserInput" */ = {
			isa = XCConfigurationList;
			buildConfigurations = (
				9FF429D013ACFA48004C850C /* Debug */,
				9FF429D113ACFA48004C850C /* Release */,
			);
			defaultConfigurationIsVisible = 0;
		};
/* End XCConfigurationList section */
	};
	rootObject = 9FF429A513ACFA48004C850C /* Project object */;
}
