// !$*UTF8*$!
{
	archiveVersion = 1;
	classes = {
	};
	objectVersion = 46;
	objects = {

/* Begin PBXBuildFile section */
		9FA731A313AC7BC000BD08B1 /* Foundation.framework in Frameworks */ = {isa = PBXBuildFile; fileRef = 9FA731A213AC7BC000BD08B1 /* Foundation.framework */; };
		9FA731A613AC7BC000BD08B1 /* main.m in Sources */ = {isa = PBXBuildFile; fileRef = 9FA731A513AC7BC000BD08B1 /* main.m */; };
/* End PBXBuildFile section */

/* Begin PBXCopyFilesBuildPhase section */
		9FA7319C13AC7BC000BD08B1 /* CopyFiles */ = {
			isa = PBXCopyFilesBuildPhase;
			buildActionMask = 2147483647;
			dstPath = /usr/share/man/man1/;
			dstSubfolderSpec = 0;
			files = (
			);
			runOnlyForDeploymentPostprocessing = 1;
		};
/* End PBXCopyFilesBuildPhase section */

/* Begin PBXFileReference section */
		9FA7319E13AC7BC000BD08B1 /* DataTypes */ = {isa = PBXFileReference; explicitFileType = "compiled.mach-o.executable"; includeInIndex = 0; path = DataTypes; sourceTree = BUILT_PRODUCTS_DIR; };
		9FA731A213AC7BC000BD08B1 /* Foundation.framework */ = {isa = PBXFileReference; lastKnownFileType = wrapper.framework; name = Foundation.framework; path = System/Library/Frameworks/Foundation.framework; sourceTree = SDKROOT; };
		9FA731A513AC7BC000BD08B1 /* main.m */ = {isa = PBXFileReference; lastKnownFileType = sourcecode.c.objc; path = main.m; sourceTree = "<group>"; };
		9FA731A813AC7BC100BD08B1 /* DataTypes-Prefix.pch */ = {isa = PBXFileReference; lastKnownFileType = sourcecode.c.h; path = "DataTypes-Prefix.pch"; sourceTree = "<group>"; };
		9FA731A913AC7BC100BD08B1 /* DataTypes.1 */ = {isa = PBXFileReference; lastKnownFileType = text.man; path = DataTypes.1; sourceTree = "<group>"; };
/* End PBXFileReference section */

/* Begin PBXFrameworksBuildPhase section */
		9FA7319B13AC7BC000BD08B1 /* Frameworks */ = {
			isa = PBXFrameworksBuildPhase;
			buildActionMask = 2147483647;
			files = (
				9FA731A313AC7BC000BD08B1 /* Foundation.framework in Frameworks */,
			);
			runOnlyForDeploymentPostprocessing = 0;
		};
/* End PBXFrameworksBuildPhase section */

/* Begin PBXGroup section */
		9FA7319313AC7BC000BD08B1 = {
			isa = PBXGroup;
			children = (
				9FA731A413AC7BC000BD08B1 /* DataTypes */,
				9FA731A113AC7BC000BD08B1 /* Frameworks */,
				9FA7319F13AC7BC000BD08B1 /* Products */,
			);
			sourceTree = "<group>";
		};
		9FA7319F13AC7BC000BD08B1 /* Products */ = {
			isa = PBXGroup;
			children = (
				9FA7319E13AC7BC000BD08B1 /* DataTypes */,
			);
			name = Products;
			sourceTree = "<group>";
		};
		9FA731A113AC7BC000BD08B1 /* Frameworks */ = {
			isa = PBXGroup;
			children = (
				9FA731A213AC7BC000BD08B1 /* Foundation.framework */,
			);
			name = Frameworks;
			sourceTree = "<group>";
		};
		9FA731A413AC7BC000BD08B1 /* DataTypes */ = {
			isa = PBXGroup;
			children = (
				9FA731A513AC7BC000BD08B1 /* main.m */,
				9FA731A913AC7BC100BD08B1 /* DataTypes.1 */,
				9FA731A713AC7BC000BD08B1 /* Supporting Files */,
			);
			path = DataTypes;
			sourceTree = "<group>";
		};
		9FA731A713AC7BC000BD08B1 /* Supporting Files */ = {
			isa = PBXGroup;
			children = (
				9FA731A813AC7BC100BD08B1 /* DataTypes-Prefix.pch */,
			);
			name = "Supporting Files";
			sourceTree = "<group>";
		};
/* End PBXGroup section */

/* Begin PBXNativeTarget section */
		9FA7319D13AC7BC000BD08B1 /* DataTypes */ = {
			isa = PBXNativeTarget;
			buildConfigurationList = 9FA731AC13AC7BC100BD08B1 /* Build configuration list for PBXNativeTarget "DataTypes" */;
			buildPhases = (
				9FA7319A13AC7BC000BD08B1 /* Sources */,
				9FA7319B13AC7BC000BD08B1 /* Frameworks */,
				9FA7319C13AC7BC000BD08B1 /* CopyFiles */,
			);
			buildRules = (
			);
			dependencies = (
			);
			name = DataTypes;
			productName = DataTypes;
			productReference = 9FA7319E13AC7BC000BD08B1 /* DataTypes */;
			productType = "com.apple.product-type.tool";
		};
/* End PBXNativeTarget section */

/* Begin PBXProject section */
		9FA7319513AC7BC000BD08B1 /* Project object */ = {
			isa = PBXProject;
			attributes = {
				LastUpgradeCheck = 0460;
				ORGANIZATIONNAME = "Software Machine Development";
			};
			buildConfigurationList = 9FA7319813AC7BC000BD08B1 /* Build configuration list for PBXProject "DataTypes" */;
			compatibilityVersion = "Xcode 3.2";
			developmentRegion = English;
			hasScannedForEncodings = 0;
			knownRegions = (
				en,
			);
			mainGroup = 9FA7319313AC7BC000BD08B1;
			productRefGroup = 9FA7319F13AC7BC000BD08B1 /* Products */;
			projectDirPath = "";
			projectRoot = "";
			targets = (
				9FA7319D13AC7BC000BD08B1 /* DataTypes */,
			);
		};
/* End PBXProject section */

/* Begin PBXSourcesBuildPhase section */
		9FA7319A13AC7BC000BD08B1 /* Sources */ = {
			isa = PBXSourcesBuildPhase;
			buildActionMask = 2147483647;
			files = (
				9FA731A613AC7BC000BD08B1 /* main.m in Sources */,
			);
			runOnlyForDeploymentPostprocessing = 0;
		};
/* End PBXSourcesBuildPhase section */

/* Begin XCBuildConfiguration section */
		9FA731AA13AC7BC100BD08B1 /* Debug */ = {
			isa = XCBuildConfiguration;
			buildSettings = {
				ARCHS = "$(ARCHS_STANDARD_32_64_BIT)";
				CLANG_WARN_CONSTANT_CONVERSION = YES;
				CLANG_WARN_ENUM_CONVERSION = YES;
				CLANG_WARN_INT_CONVERSION = YES;
				CLANG_WARN__DUPLICATE_METHOD_MATCH = YES;
				GCC_C_LANGUAGE_STANDARD = gnu99;
				GCC_OPTIMIZATION_LEVEL = 0;
				GCC_PREPROCESSOR_DEFINITIONS = DEBUG;
				GCC_SYMBOLS_PRIVATE_EXTERN = NO;
				GCC_VERSION = com.apple.compilers.llvm.clang.1_0;
				GCC_WARN_64_TO_32_BIT_CONVERSION = YES;
				GCC_WARN_ABOUT_RETURN_TYPE = YES;
				GCC_WARN_UNINITIALIZED_AUTOS = YES;
				GCC_WARN_UNUSED_VARIABLE = YES;
				MACOSX_DEPLOYMENT_TARGET = 10.8;
				ONLY_ACTIVE_ARCH = YES;
				SDKROOT = macosx;
			};
			name = Debug;
		};
		9FA731AB13AC7BC100BD08B1 /* Release */ = {
			isa = XCBuildConfiguration;
			buildSettings = {
				ARCHS = "$(ARCHS_STANDARD_32_64_BIT)";
				CLANG_WARN_CONSTANT_CONVERSION = YES;
				CLANG_WARN_ENUM_CONVERSION = YES;
				CLANG_WARN_INT_CONVERSION = YES;
				CLANG_WARN__DUPLICATE_METHOD_MATCH = YES;
				GCC_C_LANGUAGE_STANDARD = gnu99;
				GCC_VERSION = com.apple.compilers.llvm.clang.1_0;
				GCC_WARN_64_TO_32_BIT_CONVERSION = YES;
				GCC_WARN_ABOUT_RETURN_TYPE = YES;
				GCC_WARN_UNINITIALIZED_AUTOS = YES;
				GCC_WARN_UNUSED_VARIABLE = YES;
				MACOSX_DEPLOYMENT_TARGET = 10.8;
				SDKROOT = macosx;
			};
			name = Release;
		};
		9FA731AD13AC7BC100BD08B1 /* Debug */ = {
			isa = XCBuildConfiguration;
			buildSettings = {
				ALWAYS_SEARCH_USER_PATHS = NO;
				ARCHS = "$(ARCHS_STANDARD_64_BIT)";
				CLANG_ENABLE_OBJC_ARC = YES;
				COPY_PHASE_STRIP = NO;
				GCC_DYNAMIC_NO_PIC = NO;
				GCC_ENABLE_OBJC_EXCEPTIONS = YES;
				GCC_PRECOMPILE_PREFIX_HEADER = YES;
				GCC_PREFIX_HEADER = "DataTypes/DataTypes-Prefix.pch";
				PRODUCT_NAME = "$(TARGET_NAME)";
			};
			name = Debug;
		};
		9FA731AE13AC7BC100BD08B1 /* Release */ = {
			isa = XCBuildConfiguration;
			buildSettings = {
				ALWAYS_SEARCH_USER_PATHS = NO;
				ARCHS = "$(ARCHS_STANDARD_64_BIT)";
				CLANG_ENABLE_OBJC_ARC = YES;
				COPY_PHASE_STRIP = YES;
				DEBUG_INFORMATION_FORMAT = "dwarf-with-dsym";
				GCC_ENABLE_OBJC_EXCEPTIONS = YES;
				GCC_PRECOMPILE_PREFIX_HEADER = YES;
				GCC_PREFIX_HEADER = "DataTypes/DataTypes-Prefix.pch";
				PRODUCT_NAME = "$(TARGET_NAME)";
			};
			name = Release;
		};
/* End XCBuildConfiguration section */

/* Begin XCConfigurationList section */
		9FA7319813AC7BC000BD08B1 /* Build configuration list for PBXProject "DataTypes" */ = {
			isa = XCConfigurationList;
			buildConfigurations = (
				9FA731AA13AC7BC100BD08B1 /* Debug */,
				9FA731AB13AC7BC100BD08B1 /* Release */,
			);
			defaultConfigurationIsVisible = 0;
			defaultConfigurationName = Release;
		};
		9FA731AC13AC7BC100BD08B1 /* Build configuration list for PBXNativeTarget "DataTypes" */ = {
			isa = XCConfigurationList;
			buildConfigurations = (
				9FA731AD13AC7BC100BD08B1 /* Debug */,
				9FA731AE13AC7BC100BD08B1 /* Release */,
			);
			defaultConfigurationIsVisible = 0;
			defaultConfigurationName = Release;
		};
/* End XCConfigurationList section */
	};
	rootObject = 9FA7319513AC7BC000BD08B1 /* Project object */;
}
