// !$*UTF8*$!
{
	archiveVersion = 1;
	classes = {
	};
	objectVersion = 46;
	objects = {

/* Begin PBXBuildFile section */
		6C8E7E56131AD71D00BCA896 /* Foundation.framework in Frameworks */ = {isa = PBXBuildFile; fileRef = 6C8E7E55131AD71D00BCA896 /* Foundation.framework */; };
		6C8E7E59131AD71D00BCA896 /* main.m in Sources */ = {isa = PBXBuildFile; fileRef = 6C8E7E58131AD71D00BCA896 /* main.m */; };
/* End PBXBuildFile section */

/* Begin PBXCopyFilesBuildPhase section */
		6C8E7E4F131AD71D00BCA896 /* CopyFiles */ = {
			isa = PBXCopyFilesBuildPhase;
			buildActionMask = 2147483647;
			dstPath = /usr/share/man/man1/;
			dstSubfolderSpec = 0;
			files = (
			);
			runOnlyForDeploymentPostprocessing = 1;
		};
/* End PBXCopyFilesBuildPhase section */

/* Begin PBXFileReference section */
		6C8E7E51131AD71D00BCA896 /* CStyleArrays */ = {isa = PBXFileReference; explicitFileType = "compiled.mach-o.executable"; includeInIndex = 0; path = CStyleArrays; sourceTree = BUILT_PRODUCTS_DIR; };
		6C8E7E55131AD71D00BCA896 /* Foundation.framework */ = {isa = PBXFileReference; lastKnownFileType = wrapper.framework; name = Foundation.framework; path = System/Library/Frameworks/Foundation.framework; sourceTree = SDKROOT; };
		6C8E7E58131AD71D00BCA896 /* main.m */ = {isa = PBXFileReference; lastKnownFileType = sourcecode.c.objc; path = main.m; sourceTree = "<group>"; };
		6C8E7E5B131AD71D00BCA896 /* CStyleArrays-Prefix.pch */ = {isa = PBXFileReference; lastKnownFileType = sourcecode.c.h; path = "CStyleArrays-Prefix.pch"; sourceTree = "<group>"; };
		6C8E7E5C131AD71E00BCA896 /* CStyleArrays.1 */ = {isa = PBXFileReference; lastKnownFileType = text.man; path = CStyleArrays.1; sourceTree = "<group>"; };
/* End PBXFileReference section */

/* Begin PBXFrameworksBuildPhase section */
		6C8E7E4E131AD71D00BCA896 /* Frameworks */ = {
			isa = PBXFrameworksBuildPhase;
			buildActionMask = 2147483647;
			files = (
				6C8E7E56131AD71D00BCA896 /* Foundation.framework in Frameworks */,
			);
			runOnlyForDeploymentPostprocessing = 0;
		};
/* End PBXFrameworksBuildPhase section */

/* Begin PBXGroup section */
		6C8E7E46131AD71D00BCA896 = {
			isa = PBXGroup;
			children = (
				6C8E7E57131AD71D00BCA896 /* CStyleArrays */,
				6C8E7E54131AD71D00BCA896 /* Frameworks */,
				6C8E7E52131AD71D00BCA896 /* Products */,
			);
			sourceTree = "<group>";
		};
		6C8E7E52131AD71D00BCA896 /* Products */ = {
			isa = PBXGroup;
			children = (
				6C8E7E51131AD71D00BCA896 /* CStyleArrays */,
			);
			name = Products;
			sourceTree = "<group>";
		};
		6C8E7E54131AD71D00BCA896 /* Frameworks */ = {
			isa = PBXGroup;
			children = (
				6C8E7E55131AD71D00BCA896 /* Foundation.framework */,
			);
			name = Frameworks;
			sourceTree = "<group>";
		};
		6C8E7E57131AD71D00BCA896 /* CStyleArrays */ = {
			isa = PBXGroup;
			children = (
				6C8E7E58131AD71D00BCA896 /* main.m */,
				6C8E7E5C131AD71E00BCA896 /* CStyleArrays.1 */,
				6C8E7E5A131AD71D00BCA896 /* Supporting Files */,
			);
			path = CStyleArrays;
			sourceTree = "<group>";
		};
		6C8E7E5A131AD71D00BCA896 /* Supporting Files */ = {
			isa = PBXGroup;
			children = (
				6C8E7E5B131AD71D00BCA896 /* CStyleArrays-Prefix.pch */,
			);
			name = "Supporting Files";
			sourceTree = "<group>";
		};
/* End PBXGroup section */

/* Begin PBXNativeTarget section */
		6C8E7E50131AD71D00BCA896 /* CStyleArrays */ = {
			isa = PBXNativeTarget;
			buildConfigurationList = 6C8E7E5F131AD71E00BCA896 /* Build configuration list for PBXNativeTarget "CStyleArrays" */;
			buildPhases = (
				6C8E7E4D131AD71D00BCA896 /* Sources */,
				6C8E7E4E131AD71D00BCA896 /* Frameworks */,
				6C8E7E4F131AD71D00BCA896 /* CopyFiles */,
			);
			buildRules = (
			);
			dependencies = (
			);
			name = CStyleArrays;
			productName = CStyleArrays;
			productReference = 6C8E7E51131AD71D00BCA896 /* CStyleArrays */;
			productType = "com.apple.product-type.tool";
		};
/* End PBXNativeTarget section */

/* Begin PBXProject section */
		6C8E7E48131AD71D00BCA896 /* Project object */ = {
			isa = PBXProject;
			buildConfigurationList = 6C8E7E4B131AD71D00BCA896 /* Build configuration list for PBXProject "CStyleArrays" */;
			compatibilityVersion = "Xcode 3.2";
			developmentRegion = English;
			hasScannedForEncodings = 0;
			knownRegions = (
				en,
			);
			mainGroup = 6C8E7E46131AD71D00BCA896;
			productRefGroup = 6C8E7E52131AD71D00BCA896 /* Products */;
			projectDirPath = "";
			projectRoot = "";
			targets = (
				6C8E7E50131AD71D00BCA896 /* CStyleArrays */,
			);
		};
/* End PBXProject section */

/* Begin PBXSourcesBuildPhase section */
		6C8E7E4D131AD71D00BCA896 /* Sources */ = {
			isa = PBXSourcesBuildPhase;
			buildActionMask = 2147483647;
			files = (
				6C8E7E59131AD71D00BCA896 /* main.m in Sources */,
			);
			runOnlyForDeploymentPostprocessing = 0;
		};
/* End PBXSourcesBuildPhase section */

/* Begin XCBuildConfiguration section */
		6C8E7E5D131AD71E00BCA896 /* Debug */ = {
			isa = XCBuildConfiguration;
			buildSettings = {
				ARCHS = "$(ARCHS_STANDARD_32_64_BIT)";
				GCC_C_LANGUAGE_STANDARD = gnu99;
				GCC_OPTIMIZATION_LEVEL = 0;
				GCC_PREPROCESSOR_DEFINITIONS = DEBUG;
				GCC_VERSION = com.apple.compilers.llvm.clang.1_0;
				GCC_WARN_64_TO_32_BIT_CONVERSION = YES;
				GCC_WARN_ABOUT_RETURN_TYPE = YES;
				GCC_WARN_UNUSED_VARIABLE = YES;
				MACOSX_DEPLOYMENT_TARGET = 10.6;
				ONLY_ACTIVE_ARCH = YES;
				SDKROOT = macosx;
			};
			name = Debug;
		};
		6C8E7E5E131AD71E00BCA896 /* Release */ = {
			isa = XCBuildConfiguration;
			buildSettings = {
				ARCHS = "$(ARCHS_STANDARD_32_64_BIT)";
				GCC_C_LANGUAGE_STANDARD = gnu99;
				GCC_VERSION = com.apple.compilers.llvm.clang.1_0;
				GCC_WARN_64_TO_32_BIT_CONVERSION = YES;
				GCC_WARN_ABOUT_RETURN_TYPE = YES;
				GCC_WARN_UNUSED_VARIABLE = YES;
				MACOSX_DEPLOYMENT_TARGET = 10.6;
				SDKROOT = macosx;
			};
			name = Release;
		};
		6C8E7E60131AD71E00BCA896 /* Debug */ = {
			isa = XCBuildConfiguration;
			buildSettings = {
				ALWAYS_SEARCH_USER_PATHS = NO;
				COPY_PHASE_STRIP = NO;
				GCC_DYNAMIC_NO_PIC = NO;
				GCC_ENABLE_OBJC_EXCEPTIONS = YES;
				GCC_PRECOMPILE_PREFIX_HEADER = YES;
				GCC_PREFIX_HEADER = "CStyleArrays/CStyleArrays-Prefix.pch";
				PRODUCT_NAME = "$(TARGET_NAME)";
			};
			name = Debug;
		};
		6C8E7E61131AD71E00BCA896 /* Release */ = {
			isa = XCBuildConfiguration;
			buildSettings = {
				ALWAYS_SEARCH_USER_PATHS = NO;
				COPY_PHASE_STRIP = YES;
				DEBUG_INFORMATION_FORMAT = "dwarf-with-dsym";
				GCC_ENABLE_OBJC_EXCEPTIONS = YES;
				GCC_PRECOMPILE_PREFIX_HEADER = YES;
				GCC_PREFIX_HEADER = "CStyleArrays/CStyleArrays-Prefix.pch";
				PRODUCT_NAME = "$(TARGET_NAME)";
			};
			name = Release;
		};
/* End XCBuildConfiguration section */

/* Begin XCConfigurationList section */
		6C8E7E4B131AD71D00BCA896 /* Build configuration list for PBXProject "CStyleArrays" */ = {
			isa = XCConfigurationList;
			buildConfigurations = (
				6C8E7E5D131AD71E00BCA896 /* Debug */,
				6C8E7E5E131AD71E00BCA896 /* Release */,
			);
			defaultConfigurationIsVisible = 0;
			defaultConfigurationName = Release;
		};
		6C8E7E5F131AD71E00BCA896 /* Build configuration list for PBXNativeTarget "CStyleArrays" */ = {
			isa = XCConfigurationList;
			buildConfigurations = (
				6C8E7E60131AD71E00BCA896 /* Debug */,
				6C8E7E61131AD71E00BCA896 /* Release */,
			);
			defaultConfigurationIsVisible = 0;
		};
/* End XCConfigurationList section */
	};
	rootObject = 6C8E7E48131AD71D00BCA896 /* Project object */;
}
