// !$*UTF8*$!
{
	archiveVersion = 1;
	classes = {
	};
	objectVersion = 46;
	objects = {

/* Begin PBXBuildFile section */
		6C910682131DCA5F00067599 /* Foundation.framework in Frameworks */ = {isa = PBXBuildFile; fileRef = 6C910681131DCA5F00067599 /* Foundation.framework */; };
		6C910685131DCA5F00067599 /* main.m in Sources */ = {isa = PBXBuildFile; fileRef = 6C910684131DCA5F00067599 /* main.m */; };
		6C910690131DCA8A00067599 /* MyNewClass.m in Sources */ = {isa = PBXBuildFile; fileRef = 6C91068F131DCA8A00067599 /* MyNewClass.m */; };
/* End PBXBuildFile section */

/* Begin PBXCopyFilesBuildPhase section */
		6C91067B131DCA5F00067599 /* CopyFiles */ = {
			isa = PBXCopyFilesBuildPhase;
			buildActionMask = 2147483647;
			dstPath = /usr/share/man/man1/;
			dstSubfolderSpec = 0;
			files = (
			);
			runOnlyForDeploymentPostprocessing = 1;
		};
/* End PBXCopyFilesBuildPhase section */

/* Begin PBXFileReference section */
		6C91067D131DCA5F00067599 /* CompileWarnings */ = {isa = PBXFileReference; explicitFileType = "compiled.mach-o.executable"; includeInIndex = 0; path = CompileWarnings; sourceTree = BUILT_PRODUCTS_DIR; };
		6C910681131DCA5F00067599 /* Foundation.framework */ = {isa = PBXFileReference; lastKnownFileType = wrapper.framework; name = Foundation.framework; path = System/Library/Frameworks/Foundation.framework; sourceTree = SDKROOT; };
		6C910684131DCA5F00067599 /* main.m */ = {isa = PBXFileReference; lastKnownFileType = sourcecode.c.objc; path = main.m; sourceTree = "<group>"; };
		6C910687131DCA5F00067599 /* CompileWarnings-Prefix.pch */ = {isa = PBXFileReference; lastKnownFileType = sourcecode.c.h; path = "CompileWarnings-Prefix.pch"; sourceTree = "<group>"; };
		6C910688131DCA5F00067599 /* CompileWarnings.1 */ = {isa = PBXFileReference; lastKnownFileType = text.man; path = CompileWarnings.1; sourceTree = "<group>"; };
		6C91068E131DCA8A00067599 /* MyNewClass.h */ = {isa = PBXFileReference; fileEncoding = 4; lastKnownFileType = sourcecode.c.h; path = MyNewClass.h; sourceTree = "<group>"; };
		6C91068F131DCA8A00067599 /* MyNewClass.m */ = {isa = PBXFileReference; fileEncoding = 4; lastKnownFileType = sourcecode.c.objc; path = MyNewClass.m; sourceTree = "<group>"; };
/* End PBXFileReference section */

/* Begin PBXFrameworksBuildPhase section */
		6C91067A131DCA5F00067599 /* Frameworks */ = {
			isa = PBXFrameworksBuildPhase;
			buildActionMask = 2147483647;
			files = (
				6C910682131DCA5F00067599 /* Foundation.framework in Frameworks */,
			);
			runOnlyForDeploymentPostprocessing = 0;
		};
/* End PBXFrameworksBuildPhase section */

/* Begin PBXGroup section */
		6C910672131DCA5F00067599 = {
			isa = PBXGroup;
			children = (
				6C910683131DCA5F00067599 /* CompileWarnings */,
				6C910680131DCA5F00067599 /* Frameworks */,
				6C91067E131DCA5F00067599 /* Products */,
			);
			sourceTree = "<group>";
		};
		6C91067E131DCA5F00067599 /* Products */ = {
			isa = PBXGroup;
			children = (
				6C91067D131DCA5F00067599 /* CompileWarnings */,
			);
			name = Products;
			sourceTree = "<group>";
		};
		6C910680131DCA5F00067599 /* Frameworks */ = {
			isa = PBXGroup;
			children = (
				6C910681131DCA5F00067599 /* Foundation.framework */,
			);
			name = Frameworks;
			sourceTree = "<group>";
		};
		6C910683131DCA5F00067599 /* CompileWarnings */ = {
			isa = PBXGroup;
			children = (
				6C910684131DCA5F00067599 /* main.m */,
				6C91068E131DCA8A00067599 /* MyNewClass.h */,
				6C91068F131DCA8A00067599 /* MyNewClass.m */,
				6C910688131DCA5F00067599 /* CompileWarnings.1 */,
				6C910686131DCA5F00067599 /* Supporting Files */,
			);
			path = CompileWarnings;
			sourceTree = "<group>";
		};
		6C910686131DCA5F00067599 /* Supporting Files */ = {
			isa = PBXGroup;
			children = (
				6C910687131DCA5F00067599 /* CompileWarnings-Prefix.pch */,
			);
			name = "Supporting Files";
			sourceTree = "<group>";
		};
/* End PBXGroup section */

/* Begin PBXNativeTarget section */
		6C91067C131DCA5F00067599 /* CompileWarnings */ = {
			isa = PBXNativeTarget;
			buildConfigurationList = 6C91068B131DCA5F00067599 /* Build configuration list for PBXNativeTarget "CompileWarnings" */;
			buildPhases = (
				6C910679131DCA5F00067599 /* Sources */,
				6C91067A131DCA5F00067599 /* Frameworks */,
				6C91067B131DCA5F00067599 /* CopyFiles */,
			);
			buildRules = (
			);
			dependencies = (
			);
			name = CompileWarnings;
			productName = CompileWarnings;
			productReference = 6C91067D131DCA5F00067599 /* CompileWarnings */;
			productType = "com.apple.product-type.tool";
		};
/* End PBXNativeTarget section */

/* Begin PBXProject section */
		6C910674131DCA5F00067599 /* Project object */ = {
			isa = PBXProject;
			buildConfigurationList = 6C910677131DCA5F00067599 /* Build configuration list for PBXProject "CompileWarnings" */;
			compatibilityVersion = "Xcode 3.2";
			developmentRegion = English;
			hasScannedForEncodings = 0;
			knownRegions = (
				en,
			);
			mainGroup = 6C910672131DCA5F00067599;
			productRefGroup = 6C91067E131DCA5F00067599 /* Products */;
			projectDirPath = "";
			projectRoot = "";
			targets = (
				6C91067C131DCA5F00067599 /* CompileWarnings */,
			);
		};
/* End PBXProject section */

/* Begin PBXSourcesBuildPhase section */
		6C910679131DCA5F00067599 /* Sources */ = {
			isa = PBXSourcesBuildPhase;
			buildActionMask = 2147483647;
			files = (
				6C910685131DCA5F00067599 /* main.m in Sources */,
				6C910690131DCA8A00067599 /* MyNewClass.m in Sources */,
			);
			runOnlyForDeploymentPostprocessing = 0;
		};
/* End PBXSourcesBuildPhase section */

/* Begin XCBuildConfiguration section */
		6C910689131DCA5F00067599 /* Debug */ = {
			isa = XCBuildConfiguration;
			buildSettings = {
				ARCHS = "$(ARCHS_STANDARD_32_64_BIT)";
				GCC_C_LANGUAGE_STANDARD = gnu99;
				GCC_OPTIMIZATION_LEVEL = 0;
				GCC_PREPROCESSOR_DEFINITIONS = DEBUG;
				GCC_TREAT_WARNINGS_AS_ERRORS = YES;
				GCC_VERSION = com.apple.compilers.llvm.clang.1_0;
				GCC_WARN_64_TO_32_BIT_CONVERSION = YES;
				GCC_WARN_ABOUT_RETURN_TYPE = YES;
				GCC_WARN_UNUSED_VARIABLE = YES;
				MACOSX_DEPLOYMENT_TARGET = 10.6;
				ONLY_ACTIVE_ARCH = YES;
				SDKROOT = macosx;
			};
			name = Debug;
		};
		6C91068A131DCA5F00067599 /* Release */ = {
			isa = XCBuildConfiguration;
			buildSettings = {
				ARCHS = "$(ARCHS_STANDARD_32_64_BIT)";
				GCC_C_LANGUAGE_STANDARD = gnu99;
				GCC_TREAT_WARNINGS_AS_ERRORS = YES;
				GCC_VERSION = com.apple.compilers.llvm.clang.1_0;
				GCC_WARN_64_TO_32_BIT_CONVERSION = YES;
				GCC_WARN_ABOUT_RETURN_TYPE = YES;
				GCC_WARN_UNUSED_VARIABLE = YES;
				MACOSX_DEPLOYMENT_TARGET = 10.6;
				SDKROOT = macosx;
			};
			name = Release;
		};
		6C91068C131DCA5F00067599 /* Debug */ = {
			isa = XCBuildConfiguration;
			buildSettings = {
				ALWAYS_SEARCH_USER_PATHS = NO;
				COPY_PHASE_STRIP = NO;
				GCC_DYNAMIC_NO_PIC = NO;
				GCC_ENABLE_OBJC_EXCEPTIONS = YES;
				GCC_PRECOMPILE_PREFIX_HEADER = YES;
				GCC_PREFIX_HEADER = "CompileWarnings/CompileWarnings-Prefix.pch";
				PRODUCT_NAME = "$(TARGET_NAME)";
			};
			name = Debug;
		};
		6C91068D131DCA5F00067599 /* Release */ = {
			isa = XCBuildConfiguration;
			buildSettings = {
				ALWAYS_SEARCH_USER_PATHS = NO;
				COPY_PHASE_STRIP = YES;
				DEBUG_INFORMATION_FORMAT = "dwarf-with-dsym";
				GCC_ENABLE_OBJC_EXCEPTIONS = YES;
				GCC_PRECOMPILE_PREFIX_HEADER = YES;
				GCC_PREFIX_HEADER = "CompileWarnings/CompileWarnings-Prefix.pch";
				PRODUCT_NAME = "$(TARGET_NAME)";
			};
			name = Release;
		};
/* End XCBuildConfiguration section */

/* Begin XCConfigurationList section */
		6C910677131DCA5F00067599 /* Build configuration list for PBXProject "CompileWarnings" */ = {
			isa = XCConfigurationList;
			buildConfigurations = (
				6C910689131DCA5F00067599 /* Debug */,
				6C91068A131DCA5F00067599 /* Release */,
			);
			defaultConfigurationIsVisible = 0;
			defaultConfigurationName = Release;
		};
		6C91068B131DCA5F00067599 /* Build configuration list for PBXNativeTarget "CompileWarnings" */ = {
			isa = XCConfigurationList;
			buildConfigurations = (
				6C91068C131DCA5F00067599 /* Debug */,
				6C91068D131DCA5F00067599 /* Release */,
			);
			defaultConfigurationIsVisible = 0;
		};
/* End XCConfigurationList section */
	};
	rootObject = 6C910674131DCA5F00067599 /* Project object */;
}
