// !$*UTF8*$!
{
	archiveVersion = 1;
	classes = {
	};
	objectVersion = 46;
	objects = {

/* Begin PBXBuildFile section */
		9FE7133313ADD3B800635EB4 /* UIKit.framework in Frameworks */ = {isa = PBXBuildFile; fileRef = 9FE7133213ADD3B800635EB4 /* UIKit.framework */; };
		9FE7133513ADD3B800635EB4 /* Foundation.framework in Frameworks */ = {isa = PBXBuildFile; fileRef = 9FE7133413ADD3B800635EB4 /* Foundation.framework */; };
		9FE7133713ADD3B800635EB4 /* CoreGraphics.framework in Frameworks */ = {isa = PBXBuildFile; fileRef = 9FE7133613ADD3B800635EB4 /* CoreGraphics.framework */; };
		9FE7133D13ADD3B800635EB4 /* InfoPlist.strings in Resources */ = {isa = PBXBuildFile; fileRef = 9FE7133B13ADD3B800635EB4 /* InfoPlist.strings */; };
		9FE7134013ADD3B800635EB4 /* main.m in Sources */ = {isa = PBXBuildFile; fileRef = 9FE7133F13ADD3B800635EB4 /* main.m */; };
		9FE7134313ADD3B800635EB4 /* SearchTableAppDelegate.m in Sources */ = {isa = PBXBuildFile; fileRef = 9FE7134213ADD3B800635EB4 /* SearchTableAppDelegate.m */; };
		9FE7134613ADD3B800635EB4 /* MainWindow.xib in Resources */ = {isa = PBXBuildFile; fileRef = 9FE7134413ADD3B800635EB4 /* MainWindow.xib */; };
		9FE7134913ADD3B800635EB4 /* SearchTableViewController.m in Sources */ = {isa = PBXBuildFile; fileRef = 9FE7134813ADD3B800635EB4 /* SearchTableViewController.m */; };
		9FE7134C13ADD3B800635EB4 /* SearchTableViewController.xib in Resources */ = {isa = PBXBuildFile; fileRef = 9FE7134A13ADD3B800635EB4 /* SearchTableViewController.xib */; };
		9FE7135513ADD96900635EB4 /* countries.plist in Resources */ = {isa = PBXBuildFile; fileRef = 9FE7135413ADD96900635EB4 /* countries.plist */; };
/* End PBXBuildFile section */

/* Begin PBXFileReference section */
		9FE7132E13ADD3B800635EB4 /* SearchTable.app */ = {isa = PBXFileReference; explicitFileType = wrapper.application; includeInIndex = 0; path = SearchTable.app; sourceTree = BUILT_PRODUCTS_DIR; };
		9FE7133213ADD3B800635EB4 /* UIKit.framework */ = {isa = PBXFileReference; lastKnownFileType = wrapper.framework; name = UIKit.framework; path = System/Library/Frameworks/UIKit.framework; sourceTree = SDKROOT; };
		9FE7133413ADD3B800635EB4 /* Foundation.framework */ = {isa = PBXFileReference; lastKnownFileType = wrapper.framework; name = Foundation.framework; path = System/Library/Frameworks/Foundation.framework; sourceTree = SDKROOT; };
		9FE7133613ADD3B800635EB4 /* CoreGraphics.framework */ = {isa = PBXFileReference; lastKnownFileType = wrapper.framework; name = CoreGraphics.framework; path = System/Library/Frameworks/CoreGraphics.framework; sourceTree = SDKROOT; };
		9FE7133A13ADD3B800635EB4 /* SearchTable-Info.plist */ = {isa = PBXFileReference; lastKnownFileType = text.plist.xml; path = "SearchTable-Info.plist"; sourceTree = "<group>"; };
		9FE7133C13ADD3B800635EB4 /* en */ = {isa = PBXFileReference; lastKnownFileType = text.plist.strings; name = en; path = en.lproj/InfoPlist.strings; sourceTree = "<group>"; };
		9FE7133E13ADD3B800635EB4 /* SearchTable-Prefix.pch */ = {isa = PBXFileReference; lastKnownFileType = sourcecode.c.h; path = "SearchTable-Prefix.pch"; sourceTree = "<group>"; };
		9FE7133F13ADD3B800635EB4 /* main.m */ = {isa = PBXFileReference; lastKnownFileType = sourcecode.c.objc; path = main.m; sourceTree = "<group>"; };
		9FE7134113ADD3B800635EB4 /* SearchTableAppDelegate.h */ = {isa = PBXFileReference; lastKnownFileType = sourcecode.c.h; path = SearchTableAppDelegate.h; sourceTree = "<group>"; };
		9FE7134213ADD3B800635EB4 /* SearchTableAppDelegate.m */ = {isa = PBXFileReference; lastKnownFileType = sourcecode.c.objc; path = SearchTableAppDelegate.m; sourceTree = "<group>"; };
		9FE7134513ADD3B800635EB4 /* en */ = {isa = PBXFileReference; lastKnownFileType = file.xib; name = en; path = en.lproj/MainWindow.xib; sourceTree = "<group>"; };
		9FE7134713ADD3B800635EB4 /* SearchTableViewController.h */ = {isa = PBXFileReference; lastKnownFileType = sourcecode.c.h; path = SearchTableViewController.h; sourceTree = "<group>"; };
		9FE7134813ADD3B800635EB4 /* SearchTableViewController.m */ = {isa = PBXFileReference; lastKnownFileType = sourcecode.c.objc; path = SearchTableViewController.m; sourceTree = "<group>"; };
		9FE7134B13ADD3B800635EB4 /* en */ = {isa = PBXFileReference; lastKnownFileType = file.xib; name = en; path = en.lproj/SearchTableViewController.xib; sourceTree = "<group>"; };
		9FE7135413ADD96900635EB4 /* countries.plist */ = {isa = PBXFileReference; fileEncoding = 4; lastKnownFileType = text.plist.xml; path = countries.plist; sourceTree = "<group>"; };
/* End PBXFileReference section */

/* Begin PBXFrameworksBuildPhase section */
		9FE7132B13ADD3B800635EB4 /* Frameworks */ = {
			isa = PBXFrameworksBuildPhase;
			buildActionMask = 2147483647;
			files = (
				9FE7133313ADD3B800635EB4 /* UIKit.framework in Frameworks */,
				9FE7133513ADD3B800635EB4 /* Foundation.framework in Frameworks */,
				9FE7133713ADD3B800635EB4 /* CoreGraphics.framework in Frameworks */,
			);
			runOnlyForDeploymentPostprocessing = 0;
		};
/* End PBXFrameworksBuildPhase section */

/* Begin PBXGroup section */
		9FE7132313ADD3B800635EB4 = {
			isa = PBXGroup;
			children = (
				9FE7133813ADD3B800635EB4 /* SearchTable */,
				9FE7133113ADD3B800635EB4 /* Frameworks */,
				9FE7132F13ADD3B800635EB4 /* Products */,
			);
			sourceTree = "<group>";
		};
		9FE7132F13ADD3B800635EB4 /* Products */ = {
			isa = PBXGroup;
			children = (
				9FE7132E13ADD3B800635EB4 /* SearchTable.app */,
			);
			name = Products;
			sourceTree = "<group>";
		};
		9FE7133113ADD3B800635EB4 /* Frameworks */ = {
			isa = PBXGroup;
			children = (
				9FE7133213ADD3B800635EB4 /* UIKit.framework */,
				9FE7133413ADD3B800635EB4 /* Foundation.framework */,
				9FE7133613ADD3B800635EB4 /* CoreGraphics.framework */,
			);
			name = Frameworks;
			sourceTree = "<group>";
		};
		9FE7133813ADD3B800635EB4 /* SearchTable */ = {
			isa = PBXGroup;
			children = (
				9FE7134113ADD3B800635EB4 /* SearchTableAppDelegate.h */,
				9FE7134213ADD3B800635EB4 /* SearchTableAppDelegate.m */,
				9FE7134413ADD3B800635EB4 /* MainWindow.xib */,
				9FE7134713ADD3B800635EB4 /* SearchTableViewController.h */,
				9FE7134813ADD3B800635EB4 /* SearchTableViewController.m */,
				9FE7134A13ADD3B800635EB4 /* SearchTableViewController.xib */,
				9FE7133913ADD3B800635EB4 /* Supporting Files */,
				9FE7135413ADD96900635EB4 /* countries.plist */,
			);
			path = SearchTable;
			sourceTree = "<group>";
		};
		9FE7133913ADD3B800635EB4 /* Supporting Files */ = {
			isa = PBXGroup;
			children = (
				9FE7133A13ADD3B800635EB4 /* SearchTable-Info.plist */,
				9FE7133B13ADD3B800635EB4 /* InfoPlist.strings */,
				9FE7133E13ADD3B800635EB4 /* SearchTable-Prefix.pch */,
				9FE7133F13ADD3B800635EB4 /* main.m */,
			);
			name = "Supporting Files";
			sourceTree = "<group>";
		};
/* End PBXGroup section */

/* Begin PBXNativeTarget section */
		9FE7132D13ADD3B800635EB4 /* SearchTable */ = {
			isa = PBXNativeTarget;
			buildConfigurationList = 9FE7134F13ADD3B800635EB4 /* Build configuration list for PBXNativeTarget "SearchTable" */;
			buildPhases = (
				9FE7132A13ADD3B800635EB4 /* Sources */,
				9FE7132B13ADD3B800635EB4 /* Frameworks */,
				9FE7132C13ADD3B800635EB4 /* Resources */,
			);
			buildRules = (
			);
			dependencies = (
			);
			name = SearchTable;
			productName = SearchTable;
			productReference = 9FE7132E13ADD3B800635EB4 /* SearchTable.app */;
			productType = "com.apple.product-type.application";
		};
/* End PBXNativeTarget section */

/* Begin PBXProject section */
		9FE7132513ADD3B800635EB4 /* Project object */ = {
			isa = PBXProject;
			attributes = {
				ORGANIZATIONNAME = "Software Machine Development";
			};
			buildConfigurationList = 9FE7132813ADD3B800635EB4 /* Build configuration list for PBXProject "SearchTable" */;
			compatibilityVersion = "Xcode 3.2";
			developmentRegion = English;
			hasScannedForEncodings = 0;
			knownRegions = (
				en,
			);
			mainGroup = 9FE7132313ADD3B800635EB4;
			productRefGroup = 9FE7132F13ADD3B800635EB4 /* Products */;
			projectDirPath = "";
			projectRoot = "";
			targets = (
				9FE7132D13ADD3B800635EB4 /* SearchTable */,
			);
		};
/* End PBXProject section */

/* Begin PBXResourcesBuildPhase section */
		9FE7132C13ADD3B800635EB4 /* Resources */ = {
			isa = PBXResourcesBuildPhase;
			buildActionMask = 2147483647;
			files = (
				9FE7133D13ADD3B800635EB4 /* InfoPlist.strings in Resources */,
				9FE7134613ADD3B800635EB4 /* MainWindow.xib in Resources */,
				9FE7134C13ADD3B800635EB4 /* SearchTableViewController.xib in Resources */,
				9FE7135513ADD96900635EB4 /* countries.plist in Resources */,
			);
			runOnlyForDeploymentPostprocessing = 0;
		};
/* End PBXResourcesBuildPhase section */

/* Begin PBXSourcesBuildPhase section */
		9FE7132A13ADD3B800635EB4 /* Sources */ = {
			isa = PBXSourcesBuildPhase;
			buildActionMask = 2147483647;
			files = (
				9FE7134013ADD3B800635EB4 /* main.m in Sources */,
				9FE7134313ADD3B800635EB4 /* SearchTableAppDelegate.m in Sources */,
				9FE7134913ADD3B800635EB4 /* SearchTableViewController.m in Sources */,
			);
			runOnlyForDeploymentPostprocessing = 0;
		};
/* End PBXSourcesBuildPhase section */

/* Begin PBXVariantGroup section */
		9FE7133B13ADD3B800635EB4 /* InfoPlist.strings */ = {
			isa = PBXVariantGroup;
			children = (
				9FE7133C13ADD3B800635EB4 /* en */,
			);
			name = InfoPlist.strings;
			sourceTree = "<group>";
		};
		9FE7134413ADD3B800635EB4 /* MainWindow.xib */ = {
			isa = PBXVariantGroup;
			children = (
				9FE7134513ADD3B800635EB4 /* en */,
			);
			name = MainWindow.xib;
			sourceTree = "<group>";
		};
		9FE7134A13ADD3B800635EB4 /* SearchTableViewController.xib */ = {
			isa = PBXVariantGroup;
			children = (
				9FE7134B13ADD3B800635EB4 /* en */,
			);
			name = SearchTableViewController.xib;
			sourceTree = "<group>";
		};
/* End PBXVariantGroup section */

/* Begin XCBuildConfiguration section */
		9FE7134D13ADD3B800635EB4 /* Debug */ = {
			isa = XCBuildConfiguration;
			buildSettings = {
				ARCHS = "$(ARCHS_STANDARD_32_BIT)";
				"CODE_SIGN_IDENTITY[sdk=iphoneos*]" = "iPhone Developer";
				GCC_C_LANGUAGE_STANDARD = gnu99;
				GCC_OPTIMIZATION_LEVEL = 0;
				GCC_PREPROCESSOR_DEFINITIONS = DEBUG;
				GCC_SYMBOLS_PRIVATE_EXTERN = NO;
				GCC_VERSION = com.apple.compilers.llvmgcc42;
				GCC_WARN_ABOUT_RETURN_TYPE = YES;
				GCC_WARN_UNUSED_VARIABLE = YES;
				IPHONEOS_DEPLOYMENT_TARGET = 4.3;
				SDKROOT = iphoneos;
			};
			name = Debug;
		};
		9FE7134E13ADD3B800635EB4 /* Release */ = {
			isa = XCBuildConfiguration;
			buildSettings = {
				ARCHS = "$(ARCHS_STANDARD_32_BIT)";
				"CODE_SIGN_IDENTITY[sdk=iphoneos*]" = "iPhone Developer";
				GCC_C_LANGUAGE_STANDARD = gnu99;
				GCC_VERSION = com.apple.compilers.llvmgcc42;
				GCC_WARN_ABOUT_RETURN_TYPE = YES;
				GCC_WARN_UNUSED_VARIABLE = YES;
				IPHONEOS_DEPLOYMENT_TARGET = 4.3;
				OTHER_CFLAGS = "-DNS_BLOCK_ASSERTIONS=1";
				SDKROOT = iphoneos;
			};
			name = Release;
		};
		9FE7135013ADD3B800635EB4 /* Debug */ = {
			isa = XCBuildConfiguration;
			buildSettings = {
				ALWAYS_SEARCH_USER_PATHS = NO;
				COPY_PHASE_STRIP = NO;
				GCC_DYNAMIC_NO_PIC = NO;
				GCC_PRECOMPILE_PREFIX_HEADER = YES;
				GCC_PREFIX_HEADER = "SearchTable/SearchTable-Prefix.pch";
				INFOPLIST_FILE = "SearchTable/SearchTable-Info.plist";
				PRODUCT_NAME = "$(TARGET_NAME)";
				WRAPPER_EXTENSION = app;
			};
			name = Debug;
		};
		9FE7135113ADD3B800635EB4 /* Release */ = {
			isa = XCBuildConfiguration;
			buildSettings = {
				ALWAYS_SEARCH_USER_PATHS = NO;
				COPY_PHASE_STRIP = YES;
				GCC_PRECOMPILE_PREFIX_HEADER = YES;
				GCC_PREFIX_HEADER = "SearchTable/SearchTable-Prefix.pch";
				INFOPLIST_FILE = "SearchTable/SearchTable-Info.plist";
				PRODUCT_NAME = "$(TARGET_NAME)";
				VALIDATE_PRODUCT = YES;
				WRAPPER_EXTENSION = app;
			};
			name = Release;
		};
/* End XCBuildConfiguration section */

/* Begin XCConfigurationList section */
		9FE7132813ADD3B800635EB4 /* Build configuration list for PBXProject "SearchTable" */ = {
			isa = XCConfigurationList;
			buildConfigurations = (
				9FE7134D13ADD3B800635EB4 /* Debug */,
				9FE7134E13ADD3B800635EB4 /* Release */,
			);
			defaultConfigurationIsVisible = 0;
			defaultConfigurationName = Release;
		};
		9FE7134F13ADD3B800635EB4 /* Build configuration list for PBXNativeTarget "SearchTable" */ = {
			isa = XCConfigurationList;
			buildConfigurations = (
				9FE7135013ADD3B800635EB4 /* Debug */,
				9FE7135113ADD3B800635EB4 /* Release */,
			);
			defaultConfigurationIsVisible = 0;
		};
/* End XCConfigurationList section */
	};
	rootObject = 9FE7132513ADD3B800635EB4 /* Project object */;
}
