// !$*UTF8*$!
{
	archiveVersion = 1;
	classes = {
	};
	objectVersion = 46;
	objects = {

/* Begin PBXBuildFile section */
		9F86424517396C3900E1FE14 /* UIKit.framework in Frameworks */ = {isa = PBXBuildFile; fileRef = 9F86424417396C3900E1FE14 /* UIKit.framework */; };
		9F86424717396C3900E1FE14 /* Foundation.framework in Frameworks */ = {isa = PBXBuildFile; fileRef = 9F86424617396C3900E1FE14 /* Foundation.framework */; };
		9F86424917396C3900E1FE14 /* CoreGraphics.framework in Frameworks */ = {isa = PBXBuildFile; fileRef = 9F86424817396C3900E1FE14 /* CoreGraphics.framework */; };
		9F86424F17396C3900E1FE14 /* InfoPlist.strings in Resources */ = {isa = PBXBuildFile; fileRef = 9F86424D17396C3900E1FE14 /* InfoPlist.strings */; };
		9F86425117396C3900E1FE14 /* main.m in Sources */ = {isa = PBXBuildFile; fileRef = 9F86425017396C3900E1FE14 /* main.m */; };
		9F86425517396C3900E1FE14 /* AppDelegate.m in Sources */ = {isa = PBXBuildFile; fileRef = 9F86425417396C3900E1FE14 /* AppDelegate.m */; };
		9F86425717396C3900E1FE14 /* Default.png in Resources */ = {isa = PBXBuildFile; fileRef = 9F86425617396C3900E1FE14 /* Default.png */; };
		9F86425917396C3900E1FE14 /* Default@2x.png in Resources */ = {isa = PBXBuildFile; fileRef = 9F86425817396C3900E1FE14 /* Default@2x.png */; };
		9F86425B17396C3900E1FE14 /* Default-568h@2x.png in Resources */ = {isa = PBXBuildFile; fileRef = 9F86425A17396C3900E1FE14 /* Default-568h@2x.png */; };
		9F86425E17396C3900E1FE14 /* MainStoryboard.storyboard in Resources */ = {isa = PBXBuildFile; fileRef = 9F86425C17396C3900E1FE14 /* MainStoryboard.storyboard */; };
		9F86426117396C3900E1FE14 /* AlertViewController.m in Sources */ = {isa = PBXBuildFile; fileRef = 9F86426017396C3900E1FE14 /* AlertViewController.m */; };
/* End PBXBuildFile section */

/* Begin PBXFileReference section */
		9F86424117396C3900E1FE14 /* AlertView.app */ = {isa = PBXFileReference; explicitFileType = wrapper.application; includeInIndex = 0; path = AlertView.app; sourceTree = BUILT_PRODUCTS_DIR; };
		9F86424417396C3900E1FE14 /* UIKit.framework */ = {isa = PBXFileReference; lastKnownFileType = wrapper.framework; name = UIKit.framework; path = System/Library/Frameworks/UIKit.framework; sourceTree = SDKROOT; };
		9F86424617396C3900E1FE14 /* Foundation.framework */ = {isa = PBXFileReference; lastKnownFileType = wrapper.framework; name = Foundation.framework; path = System/Library/Frameworks/Foundation.framework; sourceTree = SDKROOT; };
		9F86424817396C3900E1FE14 /* CoreGraphics.framework */ = {isa = PBXFileReference; lastKnownFileType = wrapper.framework; name = CoreGraphics.framework; path = System/Library/Frameworks/CoreGraphics.framework; sourceTree = SDKROOT; };
		9F86424C17396C3900E1FE14 /* AlertView-Info.plist */ = {isa = PBXFileReference; lastKnownFileType = text.plist.xml; path = "AlertView-Info.plist"; sourceTree = "<group>"; };
		9F86424E17396C3900E1FE14 /* en */ = {isa = PBXFileReference; lastKnownFileType = text.plist.strings; name = en; path = en.lproj/InfoPlist.strings; sourceTree = "<group>"; };
		9F86425017396C3900E1FE14 /* main.m */ = {isa = PBXFileReference; lastKnownFileType = sourcecode.c.objc; path = main.m; sourceTree = "<group>"; };
		9F86425217396C3900E1FE14 /* AlertView-Prefix.pch */ = {isa = PBXFileReference; lastKnownFileType = sourcecode.c.h; path = "AlertView-Prefix.pch"; sourceTree = "<group>"; };
		9F86425317396C3900E1FE14 /* AppDelegate.h */ = {isa = PBXFileReference; lastKnownFileType = sourcecode.c.h; path = AppDelegate.h; sourceTree = "<group>"; };
		9F86425417396C3900E1FE14 /* AppDelegate.m */ = {isa = PBXFileReference; lastKnownFileType = sourcecode.c.objc; path = AppDelegate.m; sourceTree = "<group>"; };
		9F86425617396C3900E1FE14 /* Default.png */ = {isa = PBXFileReference; lastKnownFileType = image.png; path = Default.png; sourceTree = "<group>"; };
		9F86425817396C3900E1FE14 /* Default@2x.png */ = {isa = PBXFileReference; lastKnownFileType = image.png; path = "Default@2x.png"; sourceTree = "<group>"; };
		9F86425A17396C3900E1FE14 /* Default-568h@2x.png */ = {isa = PBXFileReference; lastKnownFileType = image.png; path = "Default-568h@2x.png"; sourceTree = "<group>"; };
		9F86425D17396C3900E1FE14 /* en */ = {isa = PBXFileReference; lastKnownFileType = file.storyboard; name = en; path = en.lproj/MainStoryboard.storyboard; sourceTree = "<group>"; };
		9F86425F17396C3900E1FE14 /* AlertViewController.h */ = {isa = PBXFileReference; lastKnownFileType = sourcecode.c.h; path = AlertViewController.h; sourceTree = "<group>"; };
		9F86426017396C3900E1FE14 /* AlertViewController.m */ = {isa = PBXFileReference; lastKnownFileType = sourcecode.c.objc; path = AlertViewController.m; sourceTree = "<group>"; };
/* End PBXFileReference section */

/* Begin PBXFrameworksBuildPhase section */
		9F86423E17396C3900E1FE14 /* Frameworks */ = {
			isa = PBXFrameworksBuildPhase;
			buildActionMask = 2147483647;
			files = (
				9F86424517396C3900E1FE14 /* UIKit.framework in Frameworks */,
				9F86424717396C3900E1FE14 /* Foundation.framework in Frameworks */,
				9F86424917396C3900E1FE14 /* CoreGraphics.framework in Frameworks */,
			);
			runOnlyForDeploymentPostprocessing = 0;
		};
/* End PBXFrameworksBuildPhase section */

/* Begin PBXGroup section */
		9F86423817396C3900E1FE14 = {
			isa = PBXGroup;
			children = (
				9F86424A17396C3900E1FE14 /* AlertView */,
				9F86424317396C3900E1FE14 /* Frameworks */,
				9F86424217396C3900E1FE14 /* Products */,
			);
			sourceTree = "<group>";
		};
		9F86424217396C3900E1FE14 /* Products */ = {
			isa = PBXGroup;
			children = (
				9F86424117396C3900E1FE14 /* AlertView.app */,
			);
			name = Products;
			sourceTree = "<group>";
		};
		9F86424317396C3900E1FE14 /* Frameworks */ = {
			isa = PBXGroup;
			children = (
				9F86424417396C3900E1FE14 /* UIKit.framework */,
				9F86424617396C3900E1FE14 /* Foundation.framework */,
				9F86424817396C3900E1FE14 /* CoreGraphics.framework */,
			);
			name = Frameworks;
			sourceTree = "<group>";
		};
		9F86424A17396C3900E1FE14 /* AlertView */ = {
			isa = PBXGroup;
			children = (
				9F86425317396C3900E1FE14 /* AppDelegate.h */,
				9F86425417396C3900E1FE14 /* AppDelegate.m */,
				9F86425C17396C3900E1FE14 /* MainStoryboard.storyboard */,
				9F86425F17396C3900E1FE14 /* AlertViewController.h */,
				9F86426017396C3900E1FE14 /* AlertViewController.m */,
				9F86424B17396C3900E1FE14 /* Supporting Files */,
			);
			path = AlertView;
			sourceTree = "<group>";
		};
		9F86424B17396C3900E1FE14 /* Supporting Files */ = {
			isa = PBXGroup;
			children = (
				9F86424C17396C3900E1FE14 /* AlertView-Info.plist */,
				9F86424D17396C3900E1FE14 /* InfoPlist.strings */,
				9F86425017396C3900E1FE14 /* main.m */,
				9F86425217396C3900E1FE14 /* AlertView-Prefix.pch */,
				9F86425617396C3900E1FE14 /* Default.png */,
				9F86425817396C3900E1FE14 /* Default@2x.png */,
				9F86425A17396C3900E1FE14 /* Default-568h@2x.png */,
			);
			name = "Supporting Files";
			sourceTree = "<group>";
		};
/* End PBXGroup section */

/* Begin PBXNativeTarget section */
		9F86424017396C3900E1FE14 /* AlertView */ = {
			isa = PBXNativeTarget;
			buildConfigurationList = 9F86426417396C3900E1FE14 /* Build configuration list for PBXNativeTarget "AlertView" */;
			buildPhases = (
				9F86423D17396C3900E1FE14 /* Sources */,
				9F86423E17396C3900E1FE14 /* Frameworks */,
				9F86423F17396C3900E1FE14 /* Resources */,
			);
			buildRules = (
			);
			dependencies = (
			);
			name = AlertView;
			productName = AlertView;
			productReference = 9F86424117396C3900E1FE14 /* AlertView.app */;
			productType = "com.apple.product-type.application";
		};
/* End PBXNativeTarget section */

/* Begin PBXProject section */
		9F86423917396C3900E1FE14 /* Project object */ = {
			isa = PBXProject;
			attributes = {
				LastUpgradeCheck = 0460;
				ORGANIZATIONNAME = "Software Machine Development";
			};
			buildConfigurationList = 9F86423C17396C3900E1FE14 /* Build configuration list for PBXProject "AlertView" */;
			compatibilityVersion = "Xcode 3.2";
			developmentRegion = English;
			hasScannedForEncodings = 0;
			knownRegions = (
				en,
			);
			mainGroup = 9F86423817396C3900E1FE14;
			productRefGroup = 9F86424217396C3900E1FE14 /* Products */;
			projectDirPath = "";
			projectRoot = "";
			targets = (
				9F86424017396C3900E1FE14 /* AlertView */,
			);
		};
/* End PBXProject section */

/* Begin PBXResourcesBuildPhase section */
		9F86423F17396C3900E1FE14 /* Resources */ = {
			isa = PBXResourcesBuildPhase;
			buildActionMask = 2147483647;
			files = (
				9F86424F17396C3900E1FE14 /* InfoPlist.strings in Resources */,
				9F86425717396C3900E1FE14 /* Default.png in Resources */,
				9F86425917396C3900E1FE14 /* Default@2x.png in Resources */,
				9F86425B17396C3900E1FE14 /* Default-568h@2x.png in Resources */,
				9F86425E17396C3900E1FE14 /* MainStoryboard.storyboard in Resources */,
			);
			runOnlyForDeploymentPostprocessing = 0;
		};
/* End PBXResourcesBuildPhase section */

/* Begin PBXSourcesBuildPhase section */
		9F86423D17396C3900E1FE14 /* Sources */ = {
			isa = PBXSourcesBuildPhase;
			buildActionMask = 2147483647;
			files = (
				9F86425117396C3900E1FE14 /* main.m in Sources */,
				9F86425517396C3900E1FE14 /* AppDelegate.m in Sources */,
				9F86426117396C3900E1FE14 /* AlertViewController.m in Sources */,
			);
			runOnlyForDeploymentPostprocessing = 0;
		};
/* End PBXSourcesBuildPhase section */

/* Begin PBXVariantGroup section */
		9F86424D17396C3900E1FE14 /* InfoPlist.strings */ = {
			isa = PBXVariantGroup;
			children = (
				9F86424E17396C3900E1FE14 /* en */,
			);
			name = InfoPlist.strings;
			sourceTree = "<group>";
		};
		9F86425C17396C3900E1FE14 /* MainStoryboard.storyboard */ = {
			isa = PBXVariantGroup;
			children = (
				9F86425D17396C3900E1FE14 /* en */,
			);
			name = MainStoryboard.storyboard;
			sourceTree = "<group>";
		};
/* End PBXVariantGroup section */

/* Begin XCBuildConfiguration section */
		9F86426217396C3900E1FE14 /* Debug */ = {
			isa = XCBuildConfiguration;
			buildSettings = {
				ALWAYS_SEARCH_USER_PATHS = NO;
				CLANG_CXX_LANGUAGE_STANDARD = "gnu++0x";
				CLANG_CXX_LIBRARY = "libc++";
				CLANG_ENABLE_OBJC_ARC = YES;
				CLANG_WARN_CONSTANT_CONVERSION = YES;
				CLANG_WARN_EMPTY_BODY = YES;
				CLANG_WARN_ENUM_CONVERSION = YES;
				CLANG_WARN_INT_CONVERSION = YES;
				CLANG_WARN__DUPLICATE_METHOD_MATCH = YES;
				"CODE_SIGN_IDENTITY[sdk=iphoneos*]" = "iPhone Developer";
				COPY_PHASE_STRIP = NO;
				GCC_C_LANGUAGE_STANDARD = gnu99;
				GCC_DYNAMIC_NO_PIC = NO;
				GCC_OPTIMIZATION_LEVEL = 0;
				GCC_PREPROCESSOR_DEFINITIONS = (
					"DEBUG=1",
					"$(inherited)",
				);
				GCC_SYMBOLS_PRIVATE_EXTERN = NO;
				GCC_WARN_ABOUT_RETURN_TYPE = YES;
				GCC_WARN_UNINITIALIZED_AUTOS = YES;
				GCC_WARN_UNUSED_VARIABLE = YES;
				IPHONEOS_DEPLOYMENT_TARGET = 6.1;
				ONLY_ACTIVE_ARCH = YES;
				SDKROOT = iphoneos;
			};
			name = Debug;
		};
		9F86426317396C3900E1FE14 /* Release */ = {
			isa = XCBuildConfiguration;
			buildSettings = {
				ALWAYS_SEARCH_USER_PATHS = NO;
				CLANG_CXX_LANGUAGE_STANDARD = "gnu++0x";
				CLANG_CXX_LIBRARY = "libc++";
				CLANG_ENABLE_OBJC_ARC = YES;
				CLANG_WARN_CONSTANT_CONVERSION = YES;
				CLANG_WARN_EMPTY_BODY = YES;
				CLANG_WARN_ENUM_CONVERSION = YES;
				CLANG_WARN_INT_CONVERSION = YES;
				CLANG_WARN__DUPLICATE_METHOD_MATCH = YES;
				"CODE_SIGN_IDENTITY[sdk=iphoneos*]" = "iPhone Developer";
				COPY_PHASE_STRIP = YES;
				GCC_C_LANGUAGE_STANDARD = gnu99;
				GCC_WARN_ABOUT_RETURN_TYPE = YES;
				GCC_WARN_UNINITIALIZED_AUTOS = YES;
				GCC_WARN_UNUSED_VARIABLE = YES;
				IPHONEOS_DEPLOYMENT_TARGET = 6.1;
				OTHER_CFLAGS = "-DNS_BLOCK_ASSERTIONS=1";
				SDKROOT = iphoneos;
				VALIDATE_PRODUCT = YES;
			};
			name = Release;
		};
		9F86426517396C3900E1FE14 /* Debug */ = {
			isa = XCBuildConfiguration;
			buildSettings = {
				GCC_PRECOMPILE_PREFIX_HEADER = YES;
				GCC_PREFIX_HEADER = "AlertView/AlertView-Prefix.pch";
				INFOPLIST_FILE = "AlertView/AlertView-Info.plist";
				PRODUCT_NAME = "$(TARGET_NAME)";
				WRAPPER_EXTENSION = app;
			};
			name = Debug;
		};
		9F86426617396C3900E1FE14 /* Release */ = {
			isa = XCBuildConfiguration;
			buildSettings = {
				GCC_PRECOMPILE_PREFIX_HEADER = YES;
				GCC_PREFIX_HEADER = "AlertView/AlertView-Prefix.pch";
				INFOPLIST_FILE = "AlertView/AlertView-Info.plist";
				PRODUCT_NAME = "$(TARGET_NAME)";
				WRAPPER_EXTENSION = app;
			};
			name = Release;
		};
/* End XCBuildConfiguration section */

/* Begin XCConfigurationList section */
		9F86423C17396C3900E1FE14 /* Build configuration list for PBXProject "AlertView" */ = {
			isa = XCConfigurationList;
			buildConfigurations = (
				9F86426217396C3900E1FE14 /* Debug */,
				9F86426317396C3900E1FE14 /* Release */,
			);
			defaultConfigurationIsVisible = 0;
			defaultConfigurationName = Release;
		};
		9F86426417396C3900E1FE14 /* Build configuration list for PBXNativeTarget "AlertView" */ = {
			isa = XCConfigurationList;
			buildConfigurations = (
				9F86426517396C3900E1FE14 /* Debug */,
				9F86426617396C3900E1FE14 /* Release */,
			);
			defaultConfigurationIsVisible = 0;
		};
/* End XCConfigurationList section */
	};
	rootObject = 9F86423917396C3900E1FE14 /* Project object */;
}
