// !$*UTF8*$!
{
	archiveVersion = 1;
	classes = {
	};
	objectVersion = 46;
	objects = {

/* Begin PBXBuildFile section */
		9B719BF61338098200B0D464 /* Foundation.framework in Frameworks */ = {isa = PBXBuildFile; fileRef = 9B719BF51338098200B0D464 /* Foundation.framework */; };
		9B719BF91338098200B0D464 /* main.m in Sources */ = {isa = PBXBuildFile; fileRef = 9B719BF81338098200B0D464 /* main.m */; };
/* End PBXBuildFile section */

/* Begin PBXCopyFilesBuildPhase section */
		9B719BEF1338098200B0D464 /* CopyFiles */ = {
			isa = PBXCopyFilesBuildPhase;
			buildActionMask = 2147483647;
			dstPath = /usr/share/man/man1/;
			dstSubfolderSpec = 0;
			files = (
			);
			runOnlyForDeploymentPostprocessing = 1;
		};
/* End PBXCopyFilesBuildPhase section */

/* Begin PBXFileReference section */
		9B719BF11338098200B0D464 /* Scope */ = {isa = PBXFileReference; explicitFileType = "compiled.mach-o.executable"; includeInIndex = 0; path = Scope; sourceTree = BUILT_PRODUCTS_DIR; };
		9B719BF51338098200B0D464 /* Foundation.framework */ = {isa = PBXFileReference; lastKnownFileType = wrapper.framework; name = Foundation.framework; path = System/Library/Frameworks/Foundation.framework; sourceTree = SDKROOT; };
		9B719BF81338098200B0D464 /* main.m */ = {isa = PBXFileReference; lastKnownFileType = sourcecode.c.objc; path = main.m; sourceTree = "<group>"; };
		9B719BFB1338098200B0D464 /* Scope-Prefix.pch */ = {isa = PBXFileReference; lastKnownFileType = sourcecode.c.h; path = "Scope-Prefix.pch"; sourceTree = "<group>"; };
		9B719BFC1338098200B0D464 /* Scope.1 */ = {isa = PBXFileReference; lastKnownFileType = text.man; path = Scope.1; sourceTree = "<group>"; };
/* End PBXFileReference section */

/* Begin PBXFrameworksBuildPhase section */
		9B719BEE1338098200B0D464 /* Frameworks */ = {
			isa = PBXFrameworksBuildPhase;
			buildActionMask = 2147483647;
			files = (
				9B719BF61338098200B0D464 /* Foundation.framework in Frameworks */,
			);
			runOnlyForDeploymentPostprocessing = 0;
		};
/* End PBXFrameworksBuildPhase section */

/* Begin PBXGroup section */
		9B719BE61338098200B0D464 = {
			isa = PBXGroup;
			children = (
				9B719BF71338098200B0D464 /* Scope */,
				9B719BF41338098200B0D464 /* Frameworks */,
				9B719BF21338098200B0D464 /* Products */,
			);
			sourceTree = "<group>";
		};
		9B719BF21338098200B0D464 /* Products */ = {
			isa = PBXGroup;
			children = (
				9B719BF11338098200B0D464 /* Scope */,
			);
			name = Products;
			sourceTree = "<group>";
		};
		9B719BF41338098200B0D464 /* Frameworks */ = {
			isa = PBXGroup;
			children = (
				9B719BF51338098200B0D464 /* Foundation.framework */,
			);
			name = Frameworks;
			sourceTree = "<group>";
		};
		9B719BF71338098200B0D464 /* Scope */ = {
			isa = PBXGroup;
			children = (
				9B719BF81338098200B0D464 /* main.m */,
				9B719BFC1338098200B0D464 /* Scope.1 */,
				9B719BFA1338098200B0D464 /* Supporting Files */,
			);
			path = Scope;
			sourceTree = "<group>";
		};
		9B719BFA1338098200B0D464 /* Supporting Files */ = {
			isa = PBXGroup;
			children = (
				9B719BFB1338098200B0D464 /* Scope-Prefix.pch */,
			);
			name = "Supporting Files";
			sourceTree = "<group>";
		};
/* End PBXGroup section */

/* Begin PBXNativeTarget section */
		9B719BF01338098200B0D464 /* Scope */ = {
			isa = PBXNativeTarget;
			buildConfigurationList = 9B719BFF1338098200B0D464 /* Build configuration list for PBXNativeTarget "Scope" */;
			buildPhases = (
				9B719BED1338098200B0D464 /* Sources */,
				9B719BEE1338098200B0D464 /* Frameworks */,
				9B719BEF1338098200B0D464 /* CopyFiles */,
			);
			buildRules = (
			);
			dependencies = (
			);
			name = Scope;
			productName = Scope;
			productReference = 9B719BF11338098200B0D464 /* Scope */;
			productType = "com.apple.product-type.tool";
		};
/* End PBXNativeTarget section */

/* Begin PBXProject section */
		9B719BE81338098200B0D464 /* Project object */ = {
			isa = PBXProject;
			buildConfigurationList = 9B719BEB1338098200B0D464 /* Build configuration list for PBXProject "Scope" */;
			compatibilityVersion = "Xcode 3.2";
			developmentRegion = English;
			hasScannedForEncodings = 0;
			knownRegions = (
				en,
			);
			mainGroup = 9B719BE61338098200B0D464;
			productRefGroup = 9B719BF21338098200B0D464 /* Products */;
			projectDirPath = "";
			projectRoot = "";
			targets = (
				9B719BF01338098200B0D464 /* Scope */,
			);
		};
/* End PBXProject section */

/* Begin PBXSourcesBuildPhase section */
		9B719BED1338098200B0D464 /* Sources */ = {
			isa = PBXSourcesBuildPhase;
			buildActionMask = 2147483647;
			files = (
				9B719BF91338098200B0D464 /* main.m in Sources */,
			);
			runOnlyForDeploymentPostprocessing = 0;
		};
/* End PBXSourcesBuildPhase section */

/* Begin XCBuildConfiguration section */
		9B719BFD1338098200B0D464 /* Debug */ = {
			isa = XCBuildConfiguration;
			buildSettings = {
				ARCHS = "$(ARCHS_STANDARD_32_64_BIT)";
				GCC_C_LANGUAGE_STANDARD = gnu99;
				GCC_OPTIMIZATION_LEVEL = 0;
				GCC_PREPROCESSOR_DEFINITIONS = DEBUG;
				GCC_SYMBOLS_PRIVATE_EXTERN = NO;
				GCC_VERSION = com.apple.compilers.llvm.clang.1_0;
				GCC_WARN_64_TO_32_BIT_CONVERSION = YES;
				GCC_WARN_ABOUT_RETURN_TYPE = YES;
				GCC_WARN_UNUSED_VARIABLE = YES;
				MACOSX_DEPLOYMENT_TARGET = 10.6;
				ONLY_ACTIVE_ARCH = YES;
				SDKROOT = macosx;
			};
			name = Debug;
		};
		9B719BFE1338098200B0D464 /* Release */ = {
			isa = XCBuildConfiguration;
			buildSettings = {
				ARCHS = "$(ARCHS_STANDARD_32_64_BIT)";
				GCC_C_LANGUAGE_STANDARD = gnu99;
				GCC_VERSION = com.apple.compilers.llvm.clang.1_0;
				GCC_WARN_64_TO_32_BIT_CONVERSION = YES;
				GCC_WARN_ABOUT_RETURN_TYPE = YES;
				GCC_WARN_UNUSED_VARIABLE = YES;
				MACOSX_DEPLOYMENT_TARGET = 10.6;
				SDKROOT = macosx;
			};
			name = Release;
		};
		9B719C001338098200B0D464 /* Debug */ = {
			isa = XCBuildConfiguration;
			buildSettings = {
				ALWAYS_SEARCH_USER_PATHS = NO;
				COPY_PHASE_STRIP = NO;
				GCC_DYNAMIC_NO_PIC = NO;
				GCC_ENABLE_OBJC_EXCEPTIONS = YES;
				GCC_PRECOMPILE_PREFIX_HEADER = YES;
				GCC_PREFIX_HEADER = "Scope/Scope-Prefix.pch";
				PRODUCT_NAME = "$(TARGET_NAME)";
			};
			name = Debug;
		};
		9B719C011338098200B0D464 /* Release */ = {
			isa = XCBuildConfiguration;
			buildSettings = {
				ALWAYS_SEARCH_USER_PATHS = NO;
				COPY_PHASE_STRIP = YES;
				DEBUG_INFORMATION_FORMAT = "dwarf-with-dsym";
				GCC_ENABLE_OBJC_EXCEPTIONS = YES;
				GCC_PRECOMPILE_PREFIX_HEADER = YES;
				GCC_PREFIX_HEADER = "Scope/Scope-Prefix.pch";
				PRODUCT_NAME = "$(TARGET_NAME)";
			};
			name = Release;
		};
/* End XCBuildConfiguration section */

/* Begin XCConfigurationList section */
		9B719BEB1338098200B0D464 /* Build configuration list for PBXProject "Scope" */ = {
			isa = XCConfigurationList;
			buildConfigurations = (
				9B719BFD1338098200B0D464 /* Debug */,
				9B719BFE1338098200B0D464 /* Release */,
			);
			defaultConfigurationIsVisible = 0;
			defaultConfigurationName = Release;
		};
		9B719BFF1338098200B0D464 /* Build configuration list for PBXNativeTarget "Scope" */ = {
			isa = XCConfigurationList;
			buildConfigurations = (
				9B719C001338098200B0D464 /* Debug */,
				9B719C011338098200B0D464 /* Release */,
			);
			defaultConfigurationIsVisible = 0;
		};
/* End XCConfigurationList section */
	};
	rootObject = 9B719BE81338098200B0D464 /* Project object */;
}
